
Microsoft Visual Studio Solution File, Format Version 12.00
# Visual Studio Version 16
VisualStudioVersion = 16.0.31112.23
MinimumVisualStudioVersion = 10.0.40219.1
Project("{FAE04EC0-301F-11D3-BF4B-00C04F79EFBC}") = "Crystal.TestTools.Console", "Crystal.TestTools.Console\Crystal.TestTools.Console.csproj", "{393F0645-775C-4860-8757-40F942C93C5D}"
EndProject
Project("{FAE04EC0-301F-11D3-BF4B-00C04F79EFBC}") = "Crystal.TestTools.Console.Tests", "Crystal.TestTools.Console.Tests\Crystal.TestTools.Console.Tests.csproj", "{FEE5459A-59BB-4895-B5B2-2177BFD18328}"
EndProject
Global
	GlobalSection(SolutionConfigurationPlatforms) = preSolution
		Debug|Any CPU = Debug|Any CPU
		Release|Any CPU = Release|Any CPU
	EndGlobalSection
	GlobalSection(ProjectConfigurationPlatforms) = postSolution
		{393F0645-775C-4860-8757-40F942C93C5D}.Debug|Any CPU.ActiveCfg = Debug|Any CPU
		{393F0645-775C-4860-8757-40F942C93C5D}.Debug|Any CPU.Build.0 = Debug|Any CPU
		{393F0645-775C-4860-8757-40F942C93C5D}.Release|Any CPU.ActiveCfg = Release|Any CPU
		{393F0645-775C-4860-8757-40F942C93C5D}.Release|Any CPU.Build.0 = Release|Any CPU
		{FEE5459A-59BB-4895-B5B2-2177BFD18328}.Debug|Any CPU.ActiveCfg = Debug|Any CPU
		{FEE5459A-59BB-4895-B5B2-2177BFD18328}.Debug|Any CPU.Build.0 = Debug|Any CPU
		{FEE5459A-59BB-4895-B5B2-2177BFD18328}.Release|Any CPU.ActiveCfg = Release|Any CPU
		{FEE5459A-59BB-4895-B5B2-2177BFD18328}.Release|Any CPU.Build.0 = Release|Any CPU
	EndGlobalSection
	GlobalSection(SolutionProperties) = preSolution
		HideSolutionNode = FALSE
	EndGlobalSection
	GlobalSection(ExtensibilityGlobals) = postSolution
		SolutionGuid = {2413EDA8-0B69-4732-8A9A-DF49EDE18F19}
	EndGlobalSection
EndGlobal
