
Microsoft Visual Studio Solution File, Format Version 12.00
# Visual Studio Version 16
VisualStudioVersion = 16.0.31729.503
MinimumVisualStudioVersion = 10.0.40219.1
Project("{2150E333-8FDC-42A3-9474-1A3956D46DE8}") = "Source", "Source", "{984AD424-7981-446A-9E41-D8F858CA7806}"
	ProjectSection(SolutionItems) = preProject
		README.md = README.md
	EndProjectSection
EndProject
Project("{9A19103F-16F7-4668-BE54-9A1E7A4F7556}") = "Crystal.UnitTests", "UnitTests\Crystal.UnitTests\Crystal.UnitTests.csproj", "{A5DA7200-1029-4A51-B510-04BD16B6BB0A}"
EndProject
Project("{2150E333-8FDC-42A3-9474-1A3956D46DE8}") = "UnitTests", "UnitTests", "{3DD86B52-806B-4F16-BAB9-3262D2183867}"
EndProject
Project("{D954291E-2A0B-460D-934E-DC6B0785DB48}") = "UnitTests.Shared", "UnitTests\UnitTests.Shared\Container.Shared\UnitTests.Shared.shproj", "{4238E846-0DA5-4093-8179-3E188257F97D}"
EndProject
Project("{9A19103F-16F7-4668-BE54-9A1E7A4F7556}") = "Crystal.Desktop", "Source\Crystal.Desktop\Crystal.Desktop.csproj", "{F315EE82-827E-4CDB-A1AF-DFCFE9CF985F}"
EndProject
Project("{9A19103F-16F7-4668-BE54-9A1E7A4F7556}") = "Crystal.Infrastructure", "Source\Crystal.Infrastructure\Crystal.Infrastructure.csproj", "{25621570-AF4B-475E-A7D5-E8F84FDCCC88}"
EndProject
Global
	GlobalSection(SharedMSBuildProjectFiles) = preSolution
		UnitTests\UnitTests.Shared\Container.Shared\Container.Shared.projitems*{4238e846-0da5-4093-8179-3e188257f97d}*SharedItemsImports = 13
	EndGlobalSection
	GlobalSection(SolutionConfigurationPlatforms) = preSolution
		Debug|Any CPU = Debug|Any CPU
		Release|Any CPU = Release|Any CPU
	EndGlobalSection
	GlobalSection(ProjectConfigurationPlatforms) = postSolution
		{A5DA7200-1029-4A51-B510-04BD16B6BB0A}.Debug|Any CPU.ActiveCfg = Debug|Any CPU
		{A5DA7200-1029-4A51-B510-04BD16B6BB0A}.Debug|Any CPU.Build.0 = Debug|Any CPU
		{A5DA7200-1029-4A51-B510-04BD16B6BB0A}.Release|Any CPU.ActiveCfg = Release|Any CPU
		{A5DA7200-1029-4A51-B510-04BD16B6BB0A}.Release|Any CPU.Build.0 = Release|Any CPU
		{F315EE82-827E-4CDB-A1AF-DFCFE9CF985F}.Debug|Any CPU.ActiveCfg = Debug|Any CPU
		{F315EE82-827E-4CDB-A1AF-DFCFE9CF985F}.Debug|Any CPU.Build.0 = Debug|Any CPU
		{F315EE82-827E-4CDB-A1AF-DFCFE9CF985F}.Release|Any CPU.ActiveCfg = Release|Any CPU
		{F315EE82-827E-4CDB-A1AF-DFCFE9CF985F}.Release|Any CPU.Build.0 = Release|Any CPU
		{25621570-AF4B-475E-A7D5-E8F84FDCCC88}.Debug|Any CPU.ActiveCfg = Debug|Any CPU
		{25621570-AF4B-475E-A7D5-E8F84FDCCC88}.Debug|Any CPU.Build.0 = Debug|Any CPU
		{25621570-AF4B-475E-A7D5-E8F84FDCCC88}.Release|Any CPU.ActiveCfg = Release|Any CPU
		{25621570-AF4B-475E-A7D5-E8F84FDCCC88}.Release|Any CPU.Build.0 = Release|Any CPU
	EndGlobalSection
	GlobalSection(SolutionProperties) = preSolution
		HideSolutionNode = FALSE
	EndGlobalSection
	GlobalSection(NestedProjects) = preSolution
		{A5DA7200-1029-4A51-B510-04BD16B6BB0A} = {3DD86B52-806B-4F16-BAB9-3262D2183867}
		{4238E846-0DA5-4093-8179-3E188257F97D} = {3DD86B52-806B-4F16-BAB9-3262D2183867}
		{F315EE82-827E-4CDB-A1AF-DFCFE9CF985F} = {984AD424-7981-446A-9E41-D8F858CA7806}
		{25621570-AF4B-475E-A7D5-E8F84FDCCC88} = {984AD424-7981-446A-9E41-D8F858CA7806}
	EndGlobalSection
	GlobalSection(ExtensibilityGlobals) = postSolution
		SolutionGuid = {EB05221E-019C-41DA-97BD-B30D58036BF1}
	EndGlobalSection
EndGlobal
