
Microsoft Visual Studio Solution File, Format Version 12.00
# Visual Studio Version 16
VisualStudioVersion = 16.0.31613.86
MinimumVisualStudioVersion = 10.0.40219.1
Project("{2150E333-8FDC-42A3-9474-1A3956D46DE8}") = "C01_CrystalApplication", "C01_CrystalApplication", "{3476CBDC-18D0-4448-95C8-843EFF81E423}"
EndProject
Project("{2150E333-8FDC-42A3-9474-1A3956D46DE8}") = "C02_CrystalBootstrapper", "C02_CrystalBootstrapper", "{86E79225-F6C5-4503-AA3A-437CC8AEE65C}"
EndProject
Project("{9A19103F-16F7-4668-BE54-9A1E7A4F7556}") = "C0101_CrystalApplication_DryIoc", "Tutorials\C01_CrystalApplication\C0101_CrystalApplication_DryIoc\C0101_CrystalApplication_DryIoc.csproj", "{59FAE45D-0805-4B24-9B3F-5D8BBD018277}"
EndProject
Project("{9A19103F-16F7-4668-BE54-9A1E7A4F7556}") = "C0102_CrystalApplication_Unity", "Tutorials\C01_CrystalApplication\C0102_CrystalApplication_Unity\C0102_CrystalApplication_Unity.csproj", "{16C1FF89-B1B4-43D4-9DAE-141A6D34DB1E}"
EndProject
Project("{9A19103F-16F7-4668-BE54-9A1E7A4F7556}") = "C0201_CrystalBootstrapper_DryIoc", "Tutorials\C02_CrystalBootstrapper\C0201_CrystalBootstrapper_DryIoc\C0201_CrystalBootstrapper_DryIoc.csproj", "{3F77F998-CA4D-44B8-8570-0814B05E1DF2}"
EndProject
Project("{9A19103F-16F7-4668-BE54-9A1E7A4F7556}") = "C0202_CrystalBootstrapper_Unity", "Tutorials\C02_CrystalBootstrapper\C0202_CrystalBootstrapper_Unity\C0202_CrystalBootstrapper_Unity.csproj", "{DFF95D62-5271-44C4-A9EA-43E75EBF3704}"
EndProject
Project("{2150E333-8FDC-42A3-9474-1A3956D46DE8}") = "C03_Regions", "C03_Regions", "{6D0AC4E7-0E35-45F4-99AE-99E5730B9ADA}"
EndProject
Project("{2150E333-8FDC-42A3-9474-1A3956D46DE8}") = "C0301_BuiltInRegions", "C0301_BuiltInRegions", "{5A0644C4-60FB-4944-9B16-E2C4F4BF994A}"
EndProject
Project("{9A19103F-16F7-4668-BE54-9A1E7A4F7556}") = "C0301_ModuleA", "Tutorials\C03_Regions\C0301_BuiltInRegions\C0301_ModuleA\C0301_ModuleA.csproj", "{C045EE56-4D8C-4F87-B51B-8515811738FE}"
EndProject
Project("{9A19103F-16F7-4668-BE54-9A1E7A4F7556}") = "C0301_RegionApp", "Tutorials\C03_Regions\C0301_BuiltInRegions\C0301_RegionApp\C0301_RegionApp.csproj", "{B5C15399-5211-4EE2-8032-D111F7C0EECD}"
EndProject
Project("{2150E333-8FDC-42A3-9474-1A3956D46DE8}") = "C0302_CustomRegions", "C0302_CustomRegions", "{C5D9E9B9-242D-4F26-8E29-067E3B88CF6B}"
EndProject
Project("{9A19103F-16F7-4668-BE54-9A1E7A4F7556}") = "C0302_RegionApp", "Tutorials\C03_Regions\C0302_CustomRegions\C0302_RegionApp\C0302_RegionApp.csproj", "{F287304F-45C4-43A4-950B-1FE04DE7D71E}"
EndProject
Project("{9A19103F-16F7-4668-BE54-9A1E7A4F7556}") = "C0302_ModuleA", "Tutorials\C03_Regions\C0302_CustomRegions\C0302_ModuleA\C0302_ModuleA.csproj", "{A9BC6723-2976-4A6C-BA1F-AD6AFD7430CD}"
EndProject
Project("{9A19103F-16F7-4668-BE54-9A1E7A4F7556}") = "C0302_ModuleB", "Tutorials\C03_Regions\C0302_CustomRegions\C0302_ModuleB\C0302_ModuleB.csproj", "{039EAFD2-AF70-4422-A400-206BF01A9340}"
EndProject
Project("{9A19103F-16F7-4668-BE54-9A1E7A4F7556}") = "C0302_RegionInfra", "Tutorials\C03_Regions\C0302_CustomRegions\C0302_RegionInfra\C0302_RegionInfra.csproj", "{0A091446-3DF7-445C-9C1B-C40E89CFDABA}"
EndProject
Project("{2150E333-8FDC-42A3-9474-1A3956D46DE8}") = "C0303_RegionMemberLifeTime", "C0303_RegionMemberLifeTime", "{8B514C5F-E5AA-4528-BA6E-67B6AFE57C17}"
EndProject
Project("{9A19103F-16F7-4668-BE54-9A1E7A4F7556}") = "C0303_LifeTime", "Tutorials\C03_Regions\C0303_RegionMemberLifeTime\C0303_LifeTime\C0303_LifeTime.csproj", "{B4C186BB-B990-4E33-82E9-22A03B3B4670}"
EndProject
Project("{2150E333-8FDC-42A3-9474-1A3956D46DE8}") = "C0304_RegionContext", "C0304_RegionContext", "{D730C0F0-7AE4-42C4-ACCC-F173699D2CD3}"
EndProject
Project("{9A19103F-16F7-4668-BE54-9A1E7A4F7556}") = "C0304_ModuleA", "Tutorials\C03_Regions\C0304_RegionContext\C0304_ModuleA\C0304_ModuleA.csproj", "{B099646B-3B7A-4C69-A455-EDCA1A2E413A}"
EndProject
Project("{9A19103F-16F7-4668-BE54-9A1E7A4F7556}") = "C0304_RegionContextApp", "Tutorials\C03_Regions\C0304_RegionContext\C0304_RegionContextApp\C0304_RegionContextApp.csproj", "{462052FC-13A1-47F2-8F1B-F0C9F0A4E2DB}"
EndProject
Project("{2150E333-8FDC-42A3-9474-1A3956D46DE8}") = "C04_Views", "C04_Views", "{49F9FA00-0C92-4708-9F8E-6C8CB27A85C4}"
EndProject
Project("{2150E333-8FDC-42A3-9474-1A3956D46DE8}") = "C0401_ViewDiscovery", "C0401_ViewDiscovery", "{C60C066A-E28B-4D9D-8C1C-9E96B34FFE7C}"
EndProject
Project("{9A19103F-16F7-4668-BE54-9A1E7A4F7556}") = "C0401_ViewDiscovery", "Tutorials\C04_Views\C0401_ViewDiscovery\C0401_ViewDiscovery\C0401_ViewDiscovery.csproj", "{617E668E-72C8-4889-90F5-040F5931FF3B}"
EndProject
Project("{2150E333-8FDC-42A3-9474-1A3956D46DE8}") = "C0402_ViewInjection", "C0402_ViewInjection", "{525BD772-7B9F-4433-A681-D8F47D02EA92}"
EndProject
Project("{9A19103F-16F7-4668-BE54-9A1E7A4F7556}") = "C0401_ViewInjection", "Tutorials\C04_Views\C0402_ViewInjection\C0401_ViewInjection\C0401_ViewInjection.csproj", "{28B7F9E8-22EF-42B6-A815-C30F3E9F78CF}"
EndProject
Project("{2150E333-8FDC-42A3-9474-1A3956D46DE8}") = "C0403_ViewActivationDeactivation", "C0403_ViewActivationDeactivation", "{2224D3B7-EFDC-44AE-B6A0-82707B866F0F}"
EndProject
Project("{9A19103F-16F7-4668-BE54-9A1E7A4F7556}") = "C0403_ViewActivationDeactivation", "Tutorials\C04_Views\C0403_ViewActivationDeactivation\C0403_ViewActivationDeactivation\C0403_ViewActivationDeactivation.csproj", "{87C98EA3-2AFE-48C3-939D-034831BA2BD4}"
EndProject
Project("{9A19103F-16F7-4668-BE54-9A1E7A4F7556}") = "C0301_RegionInfra", "Tutorials\C03_Regions\C0301_BuiltInRegions\C0301_RegionInfra\C0301_RegionInfra.csproj", "{4288C434-2E56-47D0-A607-790B9A892CFF}"
EndProject
Project("{9A19103F-16F7-4668-BE54-9A1E7A4F7556}") = "C0303_ModuleA", "Tutorials\C03_Regions\C0303_RegionMemberLifeTime\C0303_ModuleA\C0303_ModuleA.csproj", "{41FB3D4D-690B-4DB7-8966-0F8D132E07DE}"
EndProject
Project("{2150E333-8FDC-42A3-9474-1A3956D46DE8}") = "C05_Modules", "C05_Modules", "{37886D8F-92DF-4C6C-B51C-9FB6EA33261E}"
EndProject
Project("{2150E333-8FDC-42A3-9474-1A3956D46DE8}") = "C0501_LoadModuleViaAppConfig", "C0501_LoadModuleViaAppConfig", "{164A3186-81C9-424B-8CCC-B8628FAE5B6D}"
EndProject
Project("{2150E333-8FDC-42A3-9474-1A3956D46DE8}") = "C0502_LoadViaCode", "C0502_LoadViaCode", "{371F8F40-5D6D-4869-B880-C9586E8E793E}"
EndProject
Project("{9A19103F-16F7-4668-BE54-9A1E7A4F7556}") = "C0501_ModuleA", "Tutorials\C05_Modules\C0501_LoadModuleViaAppConfig\C0501_ModuleA\C0501_ModuleA.csproj", "{964831BE-EB1B-4F81-8D51-4FB23F82F05C}"
EndProject
Project("{9A19103F-16F7-4668-BE54-9A1E7A4F7556}") = "C0501_ModuleInAppConfig", "Tutorials\C05_Modules\C0501_LoadModuleViaAppConfig\C0501_ModuleInAppConfig\C0501_ModuleInAppConfig.csproj", "{B645F9C3-DDC3-4D92-A57E-9C8158EE5A79}"
EndProject
Project("{9A19103F-16F7-4668-BE54-9A1E7A4F7556}") = "C0502_LoadModuleApp", "Tutorials\C05_Modules\C0502_LoadModuleViaCode\C0502_LoadModuleApp\C0502_LoadModuleApp.csproj", "{DD8B833D-7DA1-4AAC-A2D4-907BC1613273}"
EndProject
Project("{9A19103F-16F7-4668-BE54-9A1E7A4F7556}") = "C0502_ModuleA", "Tutorials\C05_Modules\C0502_LoadModuleViaCode\C0502_ModuleA\C0502_ModuleA.csproj", "{0705A208-904A-4D1C-8424-B000DEE3CEFC}"
EndProject
Project("{2150E333-8FDC-42A3-9474-1A3956D46DE8}") = "C0503_LoadModuleFromDirectory", "C0503_LoadModuleFromDirectory", "{4B8A9B72-1C83-4223-B72C-88992D0A1499}"
EndProject
Project("{9A19103F-16F7-4668-BE54-9A1E7A4F7556}") = "C0503_ModuleA", "Tutorials\C05_Modules\C0503_LoadModuleFromDirectory\C0503_ModuleA\C0503_ModuleA.csproj", "{93EAC84F-1598-49A4-91B6-ABB2A7F89ABF}"
EndProject
Project("{9A19103F-16F7-4668-BE54-9A1E7A4F7556}") = "C0503_LoadModulesDirectory", "Tutorials\C05_Modules\C0503_LoadModuleFromDirectory\C0503_LoadModulesDirectory\C0503_LoadModulesDirectory.csproj", "{A6664E5D-170E-43BE-AD7D-65593D26F9FD}"
EndProject
Project("{2150E333-8FDC-42A3-9474-1A3956D46DE8}") = "C0504_LoadModuleManually", "C0504_LoadModuleManually", "{CFF279D2-2560-4589-868B-9305664B427E}"
EndProject
Project("{9A19103F-16F7-4668-BE54-9A1E7A4F7556}") = "C0504_LoadManually", "Tutorials\C05_Modules\C0504_LoadModuleManually\C0504_LoadManually\C0504_LoadManually.csproj", "{2222637F-6CE4-412C-982F-99D9C048C869}"
EndProject
Project("{9A19103F-16F7-4668-BE54-9A1E7A4F7556}") = "C0504_ModuleA", "Tutorials\C05_Modules\C0504_LoadModuleManually\C0504_ModuleA\C0504_ModuleA.csproj", "{ABAD0BF2-BB81-41F8-81A7-EDDC4A55A61B}"
EndProject
Project("{2150E333-8FDC-42A3-9474-1A3956D46DE8}") = "C0505_LoadModuleFromXaml", "C0505_LoadModuleFromXaml", "{DC7049DB-57E4-4193-8CAC-BF4856056332}"
EndProject
Project("{9A19103F-16F7-4668-BE54-9A1E7A4F7556}") = "C0505_ModuleA", "Tutorials\C05_Modules\C0505_LoadModuleFromXaml\C0505_ModuleA\C0505_ModuleA.csproj", "{7B446C12-1E82-4A75-AA30-3915AF38E1CD}"
EndProject
Project("{9A19103F-16F7-4668-BE54-9A1E7A4F7556}") = "C0505_LoadModuleXaml", "Tutorials\C05_Modules\C0505_LoadModuleFromXaml\C0505_LoadModuleXaml\C0505_LoadModuleXaml.csproj", "{DA06A7FF-E18D-4CA4-84B3-185774DB0A6B}"
EndProject
Project("{2150E333-8FDC-42A3-9474-1A3956D46DE8}") = "C06_Commands", "C06_Commands", "{B4721C3D-7689-47E7-BA40-D2283F444671}"
EndProject
Project("{2150E333-8FDC-42A3-9474-1A3956D46DE8}") = "C0601_DelegateCommand", "C0601_DelegateCommand", "{DFF6F827-1CF4-4129-A054-862CC2BD8FDD}"
EndProject
Project("{9A19103F-16F7-4668-BE54-9A1E7A4F7556}") = "C0601_DelegateCommands", "Tutorials\C06_Commands\C0601_DelegateCommand\C0601_DelegateCommands\C0601_DelegateCommands.csproj", "{AA8543D6-48D6-4644-A359-31E27AF1AE89}"
EndProject
Project("{9A19103F-16F7-4668-BE54-9A1E7A4F7556}") = "C0601_DelegateCommandBasics", "Tutorials\C06_Commands\C0601_DelegateCommand\C0601_DelegateCommandBasics\C0601_DelegateCommandBasics.csproj", "{BE9559B5-2F1A-4737-834D-C29CF949BFF1}"
EndProject
Project("{2150E333-8FDC-42A3-9474-1A3956D46DE8}") = "C07_MVVMs", "C07_MVVMs", "{75F6F455-398A-4336-8378-E65A41CC40BA}"
EndProject
Project("{2150E333-8FDC-42A3-9474-1A3956D46DE8}") = "C08_EventAggregators", "C08_EventAggregators", "{15B45DB8-E02E-4B89-86C8-4E3F204F15D6}"
EndProject
Project("{2150E333-8FDC-42A3-9474-1A3956D46DE8}") = "C0602_CompositeCommand", "C0602_CompositeCommand", "{E1C59609-1B78-4C51-9867-02A53C8A6815}"
EndProject
Project("{FAE04EC0-301F-11D3-BF4B-00C04F79EFBC}") = "C0602_CompositeCmd", "Tutorials\C06_Commands\C0602_CompositeCommand\C0602_CompositeCmd\C0602_CompositeCmd.csproj", "{D277F366-A20D-4CEF-941C-96AE1C59640D}"
EndProject
Global
	GlobalSection(SolutionConfigurationPlatforms) = preSolution
		Debug|Any CPU = Debug|Any CPU
		Release|Any CPU = Release|Any CPU
	EndGlobalSection
	GlobalSection(ProjectConfigurationPlatforms) = postSolution
		{59FAE45D-0805-4B24-9B3F-5D8BBD018277}.Debug|Any CPU.ActiveCfg = Debug|Any CPU
		{59FAE45D-0805-4B24-9B3F-5D8BBD018277}.Debug|Any CPU.Build.0 = Debug|Any CPU
		{59FAE45D-0805-4B24-9B3F-5D8BBD018277}.Release|Any CPU.ActiveCfg = Release|Any CPU
		{59FAE45D-0805-4B24-9B3F-5D8BBD018277}.Release|Any CPU.Build.0 = Release|Any CPU
		{16C1FF89-B1B4-43D4-9DAE-141A6D34DB1E}.Debug|Any CPU.ActiveCfg = Debug|Any CPU
		{16C1FF89-B1B4-43D4-9DAE-141A6D34DB1E}.Debug|Any CPU.Build.0 = Debug|Any CPU
		{16C1FF89-B1B4-43D4-9DAE-141A6D34DB1E}.Release|Any CPU.ActiveCfg = Release|Any CPU
		{16C1FF89-B1B4-43D4-9DAE-141A6D34DB1E}.Release|Any CPU.Build.0 = Release|Any CPU
		{3F77F998-CA4D-44B8-8570-0814B05E1DF2}.Debug|Any CPU.ActiveCfg = Debug|Any CPU
		{3F77F998-CA4D-44B8-8570-0814B05E1DF2}.Debug|Any CPU.Build.0 = Debug|Any CPU
		{3F77F998-CA4D-44B8-8570-0814B05E1DF2}.Release|Any CPU.ActiveCfg = Release|Any CPU
		{3F77F998-CA4D-44B8-8570-0814B05E1DF2}.Release|Any CPU.Build.0 = Release|Any CPU
		{DFF95D62-5271-44C4-A9EA-43E75EBF3704}.Debug|Any CPU.ActiveCfg = Debug|Any CPU
		{DFF95D62-5271-44C4-A9EA-43E75EBF3704}.Debug|Any CPU.Build.0 = Debug|Any CPU
		{DFF95D62-5271-44C4-A9EA-43E75EBF3704}.Release|Any CPU.ActiveCfg = Release|Any CPU
		{DFF95D62-5271-44C4-A9EA-43E75EBF3704}.Release|Any CPU.Build.0 = Release|Any CPU
		{C045EE56-4D8C-4F87-B51B-8515811738FE}.Debug|Any CPU.ActiveCfg = Debug|Any CPU
		{C045EE56-4D8C-4F87-B51B-8515811738FE}.Debug|Any CPU.Build.0 = Debug|Any CPU
		{C045EE56-4D8C-4F87-B51B-8515811738FE}.Release|Any CPU.ActiveCfg = Release|Any CPU
		{C045EE56-4D8C-4F87-B51B-8515811738FE}.Release|Any CPU.Build.0 = Release|Any CPU
		{B5C15399-5211-4EE2-8032-D111F7C0EECD}.Debug|Any CPU.ActiveCfg = Debug|Any CPU
		{B5C15399-5211-4EE2-8032-D111F7C0EECD}.Debug|Any CPU.Build.0 = Debug|Any CPU
		{B5C15399-5211-4EE2-8032-D111F7C0EECD}.Release|Any CPU.ActiveCfg = Release|Any CPU
		{B5C15399-5211-4EE2-8032-D111F7C0EECD}.Release|Any CPU.Build.0 = Release|Any CPU
		{F287304F-45C4-43A4-950B-1FE04DE7D71E}.Debug|Any CPU.ActiveCfg = Debug|Any CPU
		{F287304F-45C4-43A4-950B-1FE04DE7D71E}.Debug|Any CPU.Build.0 = Debug|Any CPU
		{F287304F-45C4-43A4-950B-1FE04DE7D71E}.Release|Any CPU.ActiveCfg = Release|Any CPU
		{F287304F-45C4-43A4-950B-1FE04DE7D71E}.Release|Any CPU.Build.0 = Release|Any CPU
		{A9BC6723-2976-4A6C-BA1F-AD6AFD7430CD}.Debug|Any CPU.ActiveCfg = Debug|Any CPU
		{A9BC6723-2976-4A6C-BA1F-AD6AFD7430CD}.Debug|Any CPU.Build.0 = Debug|Any CPU
		{A9BC6723-2976-4A6C-BA1F-AD6AFD7430CD}.Release|Any CPU.ActiveCfg = Release|Any CPU
		{A9BC6723-2976-4A6C-BA1F-AD6AFD7430CD}.Release|Any CPU.Build.0 = Release|Any CPU
		{039EAFD2-AF70-4422-A400-206BF01A9340}.Debug|Any CPU.ActiveCfg = Debug|Any CPU
		{039EAFD2-AF70-4422-A400-206BF01A9340}.Debug|Any CPU.Build.0 = Debug|Any CPU
		{039EAFD2-AF70-4422-A400-206BF01A9340}.Release|Any CPU.ActiveCfg = Release|Any CPU
		{039EAFD2-AF70-4422-A400-206BF01A9340}.Release|Any CPU.Build.0 = Release|Any CPU
		{0A091446-3DF7-445C-9C1B-C40E89CFDABA}.Debug|Any CPU.ActiveCfg = Debug|Any CPU
		{0A091446-3DF7-445C-9C1B-C40E89CFDABA}.Debug|Any CPU.Build.0 = Debug|Any CPU
		{0A091446-3DF7-445C-9C1B-C40E89CFDABA}.Release|Any CPU.ActiveCfg = Release|Any CPU
		{0A091446-3DF7-445C-9C1B-C40E89CFDABA}.Release|Any CPU.Build.0 = Release|Any CPU
		{B4C186BB-B990-4E33-82E9-22A03B3B4670}.Debug|Any CPU.ActiveCfg = Debug|Any CPU
		{B4C186BB-B990-4E33-82E9-22A03B3B4670}.Debug|Any CPU.Build.0 = Debug|Any CPU
		{B4C186BB-B990-4E33-82E9-22A03B3B4670}.Release|Any CPU.ActiveCfg = Release|Any CPU
		{B4C186BB-B990-4E33-82E9-22A03B3B4670}.Release|Any CPU.Build.0 = Release|Any CPU
		{B099646B-3B7A-4C69-A455-EDCA1A2E413A}.Debug|Any CPU.ActiveCfg = Debug|Any CPU
		{B099646B-3B7A-4C69-A455-EDCA1A2E413A}.Debug|Any CPU.Build.0 = Debug|Any CPU
		{B099646B-3B7A-4C69-A455-EDCA1A2E413A}.Release|Any CPU.ActiveCfg = Release|Any CPU
		{B099646B-3B7A-4C69-A455-EDCA1A2E413A}.Release|Any CPU.Build.0 = Release|Any CPU
		{462052FC-13A1-47F2-8F1B-F0C9F0A4E2DB}.Debug|Any CPU.ActiveCfg = Debug|Any CPU
		{462052FC-13A1-47F2-8F1B-F0C9F0A4E2DB}.Debug|Any CPU.Build.0 = Debug|Any CPU
		{462052FC-13A1-47F2-8F1B-F0C9F0A4E2DB}.Release|Any CPU.ActiveCfg = Release|Any CPU
		{462052FC-13A1-47F2-8F1B-F0C9F0A4E2DB}.Release|Any CPU.Build.0 = Release|Any CPU
		{617E668E-72C8-4889-90F5-040F5931FF3B}.Debug|Any CPU.ActiveCfg = Debug|Any CPU
		{617E668E-72C8-4889-90F5-040F5931FF3B}.Debug|Any CPU.Build.0 = Debug|Any CPU
		{617E668E-72C8-4889-90F5-040F5931FF3B}.Release|Any CPU.ActiveCfg = Release|Any CPU
		{617E668E-72C8-4889-90F5-040F5931FF3B}.Release|Any CPU.Build.0 = Release|Any CPU
		{28B7F9E8-22EF-42B6-A815-C30F3E9F78CF}.Debug|Any CPU.ActiveCfg = Debug|Any CPU
		{28B7F9E8-22EF-42B6-A815-C30F3E9F78CF}.Debug|Any CPU.Build.0 = Debug|Any CPU
		{28B7F9E8-22EF-42B6-A815-C30F3E9F78CF}.Release|Any CPU.ActiveCfg = Release|Any CPU
		{28B7F9E8-22EF-42B6-A815-C30F3E9F78CF}.Release|Any CPU.Build.0 = Release|Any CPU
		{87C98EA3-2AFE-48C3-939D-034831BA2BD4}.Debug|Any CPU.ActiveCfg = Debug|Any CPU
		{87C98EA3-2AFE-48C3-939D-034831BA2BD4}.Debug|Any CPU.Build.0 = Debug|Any CPU
		{87C98EA3-2AFE-48C3-939D-034831BA2BD4}.Release|Any CPU.ActiveCfg = Release|Any CPU
		{87C98EA3-2AFE-48C3-939D-034831BA2BD4}.Release|Any CPU.Build.0 = Release|Any CPU
		{4288C434-2E56-47D0-A607-790B9A892CFF}.Debug|Any CPU.ActiveCfg = Debug|Any CPU
		{4288C434-2E56-47D0-A607-790B9A892CFF}.Debug|Any CPU.Build.0 = Debug|Any CPU
		{4288C434-2E56-47D0-A607-790B9A892CFF}.Release|Any CPU.ActiveCfg = Release|Any CPU
		{4288C434-2E56-47D0-A607-790B9A892CFF}.Release|Any CPU.Build.0 = Release|Any CPU
		{41FB3D4D-690B-4DB7-8966-0F8D132E07DE}.Debug|Any CPU.ActiveCfg = Debug|Any CPU
		{41FB3D4D-690B-4DB7-8966-0F8D132E07DE}.Debug|Any CPU.Build.0 = Debug|Any CPU
		{41FB3D4D-690B-4DB7-8966-0F8D132E07DE}.Release|Any CPU.ActiveCfg = Release|Any CPU
		{41FB3D4D-690B-4DB7-8966-0F8D132E07DE}.Release|Any CPU.Build.0 = Release|Any CPU
		{964831BE-EB1B-4F81-8D51-4FB23F82F05C}.Debug|Any CPU.ActiveCfg = Debug|Any CPU
		{964831BE-EB1B-4F81-8D51-4FB23F82F05C}.Debug|Any CPU.Build.0 = Debug|Any CPU
		{964831BE-EB1B-4F81-8D51-4FB23F82F05C}.Release|Any CPU.ActiveCfg = Release|Any CPU
		{964831BE-EB1B-4F81-8D51-4FB23F82F05C}.Release|Any CPU.Build.0 = Release|Any CPU
		{B645F9C3-DDC3-4D92-A57E-9C8158EE5A79}.Debug|Any CPU.ActiveCfg = Debug|Any CPU
		{B645F9C3-DDC3-4D92-A57E-9C8158EE5A79}.Debug|Any CPU.Build.0 = Debug|Any CPU
		{B645F9C3-DDC3-4D92-A57E-9C8158EE5A79}.Release|Any CPU.ActiveCfg = Release|Any CPU
		{B645F9C3-DDC3-4D92-A57E-9C8158EE5A79}.Release|Any CPU.Build.0 = Release|Any CPU
		{DD8B833D-7DA1-4AAC-A2D4-907BC1613273}.Debug|Any CPU.ActiveCfg = Debug|Any CPU
		{DD8B833D-7DA1-4AAC-A2D4-907BC1613273}.Debug|Any CPU.Build.0 = Debug|Any CPU
		{DD8B833D-7DA1-4AAC-A2D4-907BC1613273}.Release|Any CPU.ActiveCfg = Release|Any CPU
		{DD8B833D-7DA1-4AAC-A2D4-907BC1613273}.Release|Any CPU.Build.0 = Release|Any CPU
		{0705A208-904A-4D1C-8424-B000DEE3CEFC}.Debug|Any CPU.ActiveCfg = Debug|Any CPU
		{0705A208-904A-4D1C-8424-B000DEE3CEFC}.Debug|Any CPU.Build.0 = Debug|Any CPU
		{0705A208-904A-4D1C-8424-B000DEE3CEFC}.Release|Any CPU.ActiveCfg = Release|Any CPU
		{0705A208-904A-4D1C-8424-B000DEE3CEFC}.Release|Any CPU.Build.0 = Release|Any CPU
		{93EAC84F-1598-49A4-91B6-ABB2A7F89ABF}.Debug|Any CPU.ActiveCfg = Debug|Any CPU
		{93EAC84F-1598-49A4-91B6-ABB2A7F89ABF}.Debug|Any CPU.Build.0 = Debug|Any CPU
		{93EAC84F-1598-49A4-91B6-ABB2A7F89ABF}.Release|Any CPU.ActiveCfg = Release|Any CPU
		{93EAC84F-1598-49A4-91B6-ABB2A7F89ABF}.Release|Any CPU.Build.0 = Release|Any CPU
		{A6664E5D-170E-43BE-AD7D-65593D26F9FD}.Debug|Any CPU.ActiveCfg = Debug|Any CPU
		{A6664E5D-170E-43BE-AD7D-65593D26F9FD}.Debug|Any CPU.Build.0 = Debug|Any CPU
		{A6664E5D-170E-43BE-AD7D-65593D26F9FD}.Release|Any CPU.ActiveCfg = Release|Any CPU
		{A6664E5D-170E-43BE-AD7D-65593D26F9FD}.Release|Any CPU.Build.0 = Release|Any CPU
		{2222637F-6CE4-412C-982F-99D9C048C869}.Debug|Any CPU.ActiveCfg = Debug|Any CPU
		{2222637F-6CE4-412C-982F-99D9C048C869}.Debug|Any CPU.Build.0 = Debug|Any CPU
		{2222637F-6CE4-412C-982F-99D9C048C869}.Release|Any CPU.ActiveCfg = Release|Any CPU
		{2222637F-6CE4-412C-982F-99D9C048C869}.Release|Any CPU.Build.0 = Release|Any CPU
		{ABAD0BF2-BB81-41F8-81A7-EDDC4A55A61B}.Debug|Any CPU.ActiveCfg = Debug|Any CPU
		{ABAD0BF2-BB81-41F8-81A7-EDDC4A55A61B}.Debug|Any CPU.Build.0 = Debug|Any CPU
		{ABAD0BF2-BB81-41F8-81A7-EDDC4A55A61B}.Release|Any CPU.ActiveCfg = Release|Any CPU
		{ABAD0BF2-BB81-41F8-81A7-EDDC4A55A61B}.Release|Any CPU.Build.0 = Release|Any CPU
		{7B446C12-1E82-4A75-AA30-3915AF38E1CD}.Debug|Any CPU.ActiveCfg = Debug|Any CPU
		{7B446C12-1E82-4A75-AA30-3915AF38E1CD}.Debug|Any CPU.Build.0 = Debug|Any CPU
		{7B446C12-1E82-4A75-AA30-3915AF38E1CD}.Release|Any CPU.ActiveCfg = Release|Any CPU
		{7B446C12-1E82-4A75-AA30-3915AF38E1CD}.Release|Any CPU.Build.0 = Release|Any CPU
		{DA06A7FF-E18D-4CA4-84B3-185774DB0A6B}.Debug|Any CPU.ActiveCfg = Debug|Any CPU
		{DA06A7FF-E18D-4CA4-84B3-185774DB0A6B}.Debug|Any CPU.Build.0 = Debug|Any CPU
		{DA06A7FF-E18D-4CA4-84B3-185774DB0A6B}.Release|Any CPU.ActiveCfg = Release|Any CPU
		{DA06A7FF-E18D-4CA4-84B3-185774DB0A6B}.Release|Any CPU.Build.0 = Release|Any CPU
		{AA8543D6-48D6-4644-A359-31E27AF1AE89}.Debug|Any CPU.ActiveCfg = Debug|Any CPU
		{AA8543D6-48D6-4644-A359-31E27AF1AE89}.Debug|Any CPU.Build.0 = Debug|Any CPU
		{AA8543D6-48D6-4644-A359-31E27AF1AE89}.Release|Any CPU.ActiveCfg = Release|Any CPU
		{AA8543D6-48D6-4644-A359-31E27AF1AE89}.Release|Any CPU.Build.0 = Release|Any CPU
		{BE9559B5-2F1A-4737-834D-C29CF949BFF1}.Debug|Any CPU.ActiveCfg = Debug|Any CPU
		{BE9559B5-2F1A-4737-834D-C29CF949BFF1}.Debug|Any CPU.Build.0 = Debug|Any CPU
		{BE9559B5-2F1A-4737-834D-C29CF949BFF1}.Release|Any CPU.ActiveCfg = Release|Any CPU
		{BE9559B5-2F1A-4737-834D-C29CF949BFF1}.Release|Any CPU.Build.0 = Release|Any CPU
		{D277F366-A20D-4CEF-941C-96AE1C59640D}.Debug|Any CPU.ActiveCfg = Debug|Any CPU
		{D277F366-A20D-4CEF-941C-96AE1C59640D}.Debug|Any CPU.Build.0 = Debug|Any CPU
		{D277F366-A20D-4CEF-941C-96AE1C59640D}.Release|Any CPU.ActiveCfg = Release|Any CPU
		{D277F366-A20D-4CEF-941C-96AE1C59640D}.Release|Any CPU.Build.0 = Release|Any CPU
	EndGlobalSection
	GlobalSection(SolutionProperties) = preSolution
		HideSolutionNode = FALSE
	EndGlobalSection
	GlobalSection(NestedProjects) = preSolution
		{59FAE45D-0805-4B24-9B3F-5D8BBD018277} = {3476CBDC-18D0-4448-95C8-843EFF81E423}
		{16C1FF89-B1B4-43D4-9DAE-141A6D34DB1E} = {3476CBDC-18D0-4448-95C8-843EFF81E423}
		{3F77F998-CA4D-44B8-8570-0814B05E1DF2} = {86E79225-F6C5-4503-AA3A-437CC8AEE65C}
		{DFF95D62-5271-44C4-A9EA-43E75EBF3704} = {86E79225-F6C5-4503-AA3A-437CC8AEE65C}
		{5A0644C4-60FB-4944-9B16-E2C4F4BF994A} = {6D0AC4E7-0E35-45F4-99AE-99E5730B9ADA}
		{C045EE56-4D8C-4F87-B51B-8515811738FE} = {5A0644C4-60FB-4944-9B16-E2C4F4BF994A}
		{B5C15399-5211-4EE2-8032-D111F7C0EECD} = {5A0644C4-60FB-4944-9B16-E2C4F4BF994A}
		{C5D9E9B9-242D-4F26-8E29-067E3B88CF6B} = {6D0AC4E7-0E35-45F4-99AE-99E5730B9ADA}
		{F287304F-45C4-43A4-950B-1FE04DE7D71E} = {C5D9E9B9-242D-4F26-8E29-067E3B88CF6B}
		{A9BC6723-2976-4A6C-BA1F-AD6AFD7430CD} = {C5D9E9B9-242D-4F26-8E29-067E3B88CF6B}
		{039EAFD2-AF70-4422-A400-206BF01A9340} = {C5D9E9B9-242D-4F26-8E29-067E3B88CF6B}
		{0A091446-3DF7-445C-9C1B-C40E89CFDABA} = {C5D9E9B9-242D-4F26-8E29-067E3B88CF6B}
		{8B514C5F-E5AA-4528-BA6E-67B6AFE57C17} = {6D0AC4E7-0E35-45F4-99AE-99E5730B9ADA}
		{B4C186BB-B990-4E33-82E9-22A03B3B4670} = {8B514C5F-E5AA-4528-BA6E-67B6AFE57C17}
		{D730C0F0-7AE4-42C4-ACCC-F173699D2CD3} = {6D0AC4E7-0E35-45F4-99AE-99E5730B9ADA}
		{B099646B-3B7A-4C69-A455-EDCA1A2E413A} = {D730C0F0-7AE4-42C4-ACCC-F173699D2CD3}
		{462052FC-13A1-47F2-8F1B-F0C9F0A4E2DB} = {D730C0F0-7AE4-42C4-ACCC-F173699D2CD3}
		{C60C066A-E28B-4D9D-8C1C-9E96B34FFE7C} = {49F9FA00-0C92-4708-9F8E-6C8CB27A85C4}
		{617E668E-72C8-4889-90F5-040F5931FF3B} = {C60C066A-E28B-4D9D-8C1C-9E96B34FFE7C}
		{525BD772-7B9F-4433-A681-D8F47D02EA92} = {49F9FA00-0C92-4708-9F8E-6C8CB27A85C4}
		{28B7F9E8-22EF-42B6-A815-C30F3E9F78CF} = {525BD772-7B9F-4433-A681-D8F47D02EA92}
		{2224D3B7-EFDC-44AE-B6A0-82707B866F0F} = {49F9FA00-0C92-4708-9F8E-6C8CB27A85C4}
		{87C98EA3-2AFE-48C3-939D-034831BA2BD4} = {2224D3B7-EFDC-44AE-B6A0-82707B866F0F}
		{4288C434-2E56-47D0-A607-790B9A892CFF} = {5A0644C4-60FB-4944-9B16-E2C4F4BF994A}
		{41FB3D4D-690B-4DB7-8966-0F8D132E07DE} = {8B514C5F-E5AA-4528-BA6E-67B6AFE57C17}
		{164A3186-81C9-424B-8CCC-B8628FAE5B6D} = {37886D8F-92DF-4C6C-B51C-9FB6EA33261E}
		{371F8F40-5D6D-4869-B880-C9586E8E793E} = {37886D8F-92DF-4C6C-B51C-9FB6EA33261E}
		{964831BE-EB1B-4F81-8D51-4FB23F82F05C} = {164A3186-81C9-424B-8CCC-B8628FAE5B6D}
		{B645F9C3-DDC3-4D92-A57E-9C8158EE5A79} = {164A3186-81C9-424B-8CCC-B8628FAE5B6D}
		{DD8B833D-7DA1-4AAC-A2D4-907BC1613273} = {371F8F40-5D6D-4869-B880-C9586E8E793E}
		{0705A208-904A-4D1C-8424-B000DEE3CEFC} = {371F8F40-5D6D-4869-B880-C9586E8E793E}
		{4B8A9B72-1C83-4223-B72C-88992D0A1499} = {37886D8F-92DF-4C6C-B51C-9FB6EA33261E}
		{93EAC84F-1598-49A4-91B6-ABB2A7F89ABF} = {4B8A9B72-1C83-4223-B72C-88992D0A1499}
		{A6664E5D-170E-43BE-AD7D-65593D26F9FD} = {4B8A9B72-1C83-4223-B72C-88992D0A1499}
		{CFF279D2-2560-4589-868B-9305664B427E} = {37886D8F-92DF-4C6C-B51C-9FB6EA33261E}
		{2222637F-6CE4-412C-982F-99D9C048C869} = {CFF279D2-2560-4589-868B-9305664B427E}
		{ABAD0BF2-BB81-41F8-81A7-EDDC4A55A61B} = {CFF279D2-2560-4589-868B-9305664B427E}
		{DC7049DB-57E4-4193-8CAC-BF4856056332} = {37886D8F-92DF-4C6C-B51C-9FB6EA33261E}
		{7B446C12-1E82-4A75-AA30-3915AF38E1CD} = {DC7049DB-57E4-4193-8CAC-BF4856056332}
		{DA06A7FF-E18D-4CA4-84B3-185774DB0A6B} = {DC7049DB-57E4-4193-8CAC-BF4856056332}
		{DFF6F827-1CF4-4129-A054-862CC2BD8FDD} = {B4721C3D-7689-47E7-BA40-D2283F444671}
		{AA8543D6-48D6-4644-A359-31E27AF1AE89} = {DFF6F827-1CF4-4129-A054-862CC2BD8FDD}
		{BE9559B5-2F1A-4737-834D-C29CF949BFF1} = {DFF6F827-1CF4-4129-A054-862CC2BD8FDD}
		{E1C59609-1B78-4C51-9867-02A53C8A6815} = {B4721C3D-7689-47E7-BA40-D2283F444671}
		{D277F366-A20D-4CEF-941C-96AE1C59640D} = {E1C59609-1B78-4C51-9867-02A53C8A6815}
	EndGlobalSection
	GlobalSection(ExtensibilityGlobals) = postSolution
		SolutionGuid = {ADCF1444-82E2-4E24-8890-2B589426E429}
	EndGlobalSection
EndGlobal
