
Microsoft Visual Studio Solution File, Format Version 12.00
# Visual Studio Version 16
VisualStudioVersion = 16.0.30907.101
MinimumVisualStudioVersion = 10.0.40219.1
Project("{2150E333-8FDC-42A3-9474-1A3956D46DE8}") = "Crystal.DIContainers", "Crystal.DIContainers", "{0DF3E43B-E0BA-4126-A905-DA8F081FA904}"
EndProject
Project("{2150E333-8FDC-42A3-9474-1A3956D46DE8}") = "Crystal", "Crystal", "{A360DF81-B6DD-4551-BAC5-1C99669588C6}"
	ProjectSection(SolutionItems) = preProject
		CrystalLibrary\LICENSE = CrystalLibrary\LICENSE
		README.md = README.md
	EndProjectSection
EndProject
Project("{2150E333-8FDC-42A3-9474-1A3956D46DE8}") = "Crystal.TestTools", "Crystal.TestTools", "{E2C677C7-A2C4-4A31-8734-FEAA5E0EC278}"
EndProject
Project("{9A19103F-16F7-4668-BE54-9A1E7A4F7556}") = "Crystal.TestTools.Console", "Crystal.TestTools.Console\Crystal.TestTools.Console\Crystal.TestTools.Console.csproj", "{33FB80CD-5269-4395-9601-024BEC86DCD2}"
EndProject
Project("{9A19103F-16F7-4668-BE54-9A1E7A4F7556}") = "Crystal.TestTools.Console.Tests", "Crystal.TestTools.Console\Crystal.TestTools.Console.Tests\Crystal.TestTools.Console.Tests.csproj", "{ACB7CEB9-E8EE-48AA-8A44-57D67828E9A3}"
EndProject
Project("{9A19103F-16F7-4668-BE54-9A1E7A4F7556}") = "Crystal", "Crystal\Crystal.csproj", "{F34AA103-3D98-4E24-9C25-03994A309F04}"
EndProject
Project("{9A19103F-16F7-4668-BE54-9A1E7A4F7556}") = "Crystal.DryIoc", "Crystal.DIContainers\Crystal.DryIoc\Crystal.DryIoc.csproj", "{66F28B78-543E-405F-971E-FC58F41EA855}"
EndProject
Project("{9A19103F-16F7-4668-BE54-9A1E7A4F7556}") = "Crystal.Unity", "Crystal.DIContainers\Crystal.Unity\Crystal.Unity.csproj", "{D93685F9-928F-4535-BC5B-906B447D0547}"
EndProject
Project("{2150E333-8FDC-42A3-9474-1A3956D46DE8}") = "Samples", "Samples", "{49DC236A-CB7C-4362-8242-5479048F702C}"
EndProject
Project("{2150E333-8FDC-42A3-9474-1A3956D46DE8}") = "C01_CrystalApplication", "C01_CrystalApplication", "{A2575086-CF24-4242-A78C-B48F19C94F4F}"
EndProject
Project("{2150E333-8FDC-42A3-9474-1A3956D46DE8}") = "C02_CrystalBootstrapper", "C02_CrystalBootstrapper", "{47AB7E01-F1A9-4E16-A035-921A7C0136BD}"
EndProject
Project("{9A19103F-16F7-4668-BE54-9A1E7A4F7556}") = "C0101CrystalApplication", "Samples\C01_CrystalApplication\C0101CrystalApplication\C0101CrystalApplication.csproj", "{9A2FA4B5-66B0-4CD9-94A2-5F43BA0D501D}"
EndProject
Project("{9A19103F-16F7-4668-BE54-9A1E7A4F7556}") = "C0201CrystalBootstrapper", "Samples\C02_CrystalBootstrapper\C0201CrystalBootstrapper\C0201CrystalBootstrapper.csproj", "{10219177-3018-4BF2-8349-53018A9EB2FF}"
EndProject
Project("{2150E333-8FDC-42A3-9474-1A3956D46DE8}") = "C03_Regions", "C03_Regions", "{C0296A1A-038F-4797-964D-292739808D9D}"
EndProject
Project("{2150E333-8FDC-42A3-9474-1A3956D46DE8}") = "C0301BuiltInRegions", "C0301BuiltInRegions", "{E8280E88-C6BA-468C-81E0-E71D01625E84}"
EndProject
Project("{2150E333-8FDC-42A3-9474-1A3956D46DE8}") = "C0302CustomRegions", "C0302CustomRegions", "{92B00812-A659-4DB8-8492-537CB91F6121}"
EndProject
Project("{9A19103F-16F7-4668-BE54-9A1E7A4F7556}") = "C0301RegionApp", "Samples\C03_Regions\C0301BuiltInRegions\C0301RegionApp\C0301RegionApp.csproj", "{999DAE94-594F-4DBE-B4CD-27AF51440C10}"
EndProject
Project("{9A19103F-16F7-4668-BE54-9A1E7A4F7556}") = "C0301ModuleA", "Samples\C03_Regions\C0301BuiltInRegions\C0301ModuleA\C0301ModuleA.csproj", "{A0BABDDF-E476-4454-9B94-826219AAA323}"
EndProject
Project("{9A19103F-16F7-4668-BE54-9A1E7A4F7556}") = "C0301RegionInfra", "Samples\C03_Regions\C0301BuiltInRegions\C0301RegionInfra\C0301RegionInfra.csproj", "{F222576E-3F65-479E-B741-5DF434487941}"
EndProject
Project("{9A19103F-16F7-4668-BE54-9A1E7A4F7556}") = "C0302RegionInfra", "Samples\C03_Regions\C0302CustomRegions\C0302RegionInfra\C0302RegionInfra.csproj", "{45D34A73-45D9-46F4-8C5A-E0BA42F4DD34}"
EndProject
Project("{9A19103F-16F7-4668-BE54-9A1E7A4F7556}") = "C0302ModuleA", "Samples\C03_Regions\C0302CustomRegions\C0302ModuleA\C0302ModuleA.csproj", "{18CF00E7-8C76-46A4-8D22-0D5A05F481B4}"
EndProject
Project("{9A19103F-16F7-4668-BE54-9A1E7A4F7556}") = "C0302CustomRegionApp", "Samples\C03_Regions\C0302CustomRegions\C0302CustomRegionApp\C0302CustomRegionApp.csproj", "{7EA09E65-860C-4DCB-91FD-363FF64CC044}"
EndProject
Project("{9A19103F-16F7-4668-BE54-9A1E7A4F7556}") = "C0302ModuleB", "Samples\C03_Regions\C0302CustomRegions\C0302ModuleB\C0302ModuleB.csproj", "{0D698FAE-A52D-4B40-A0A7-401820699252}"
EndProject
Project("{2150E333-8FDC-42A3-9474-1A3956D46DE8}") = "C04_Modules", "C04_Modules", "{E238AB4D-828E-4D3B-BD44-F8704C7A71C3}"
EndProject
Project("{2150E333-8FDC-42A3-9474-1A3956D46DE8}") = "C05_Views", "C05_Views", "{F016E8F7-17B2-4C4E-ADD9-E405D1DB1047}"
EndProject
Project("{2150E333-8FDC-42A3-9474-1A3956D46DE8}") = "C06_Commands", "C06_Commands", "{2F011758-E871-4AEF-9637-255F2B9B535C}"
EndProject
Project("{2150E333-8FDC-42A3-9474-1A3956D46DE8}") = "C07_EventAggregator", "C07_EventAggregator", "{2004428F-13CD-49C7-A40B-AB2988568C47}"
EndProject
Project("{2150E333-8FDC-42A3-9474-1A3956D46DE8}") = "C0401_AppConfig", "C0401_AppConfig", "{77D97F2B-C5FE-4CC9-B936-2D6CC8230A0F}"
EndProject
Project("{2150E333-8FDC-42A3-9474-1A3956D46DE8}") = "C0402_Code", "C0402_Code", "{4B8A7FA4-394E-4B12-8CDF-054E64BB5292}"
EndProject
Project("{9A19103F-16F7-4668-BE54-9A1E7A4F7556}") = "ModuleA", "Samples\C04_Modules\C0401_AppConfig\ModuleA\ModuleA.csproj", "{0EE67C06-93D5-4ADD-AD49-EA922859A7AB}"
EndProject
Project("{9A19103F-16F7-4668-BE54-9A1E7A4F7556}") = "ModuleApp", "Samples\C04_Modules\C0401_AppConfig\ModuleApp\ModuleApp.csproj", "{F8AE321A-9743-433F-8F57-4DD5DD6B10C8}"
EndProject
Project("{9A19103F-16F7-4668-BE54-9A1E7A4F7556}") = "ModuleA_InCode", "Samples\C04_Modules\C0402_Code\ModuleA_InCode\ModuleA_InCode.csproj", "{85A811B0-F7BF-4669-B274-603BF232F585}"
EndProject
Project("{9A19103F-16F7-4668-BE54-9A1E7A4F7556}") = "ModuleApp_InCode", "Samples\C04_Modules\C0402_Code\ModuleApp_InCode\ModuleApp_InCode.csproj", "{EB9EEC3E-CE62-40E8-9D6B-0D613877D26A}"
EndProject
Project("{2150E333-8FDC-42A3-9474-1A3956D46DE8}") = "C0403_Directory", "C0403_Directory", "{9856E887-B5A8-4FE1-9854-0B2604EBF574}"
EndProject
Project("{2150E333-8FDC-42A3-9474-1A3956D46DE8}") = "C0404_LoadManual", "C0404_LoadManual", "{1589F228-D656-4BEC-AC48-CEA5EAB79DC7}"
EndProject
Project("{2150E333-8FDC-42A3-9474-1A3956D46DE8}") = "C0405_Xaml", "C0405_Xaml", "{F2ED01D7-F71E-4A7F-81C8-8DD2D66FFEA4}"
EndProject
Project("{2150E333-8FDC-42A3-9474-1A3956D46DE8}") = "C0501_ViewDiscovery", "C0501_ViewDiscovery", "{111B61F5-10A6-4E28-9951-4F4597F4BA78}"
EndProject
Project("{9A19103F-16F7-4668-BE54-9A1E7A4F7556}") = "C0501ViewDiscovery", "Samples\C05_Views\C0501_ViewDiscovery\C0501ViewDiscovery\C0501ViewDiscovery.csproj", "{E03D0890-B22D-49DA-B82B-AE5B6474A2B9}"
EndProject
Project("{2150E333-8FDC-42A3-9474-1A3956D46DE8}") = "C0502_ViewInjection", "C0502_ViewInjection", "{319C61AD-526F-4357-848C-2F073DC307B1}"
EndProject
Project("{9A19103F-16F7-4668-BE54-9A1E7A4F7556}") = "C0502ViewInjection", "Samples\C05_Views\C0502_ViewInjection\C0502ViewInjection\C0502ViewInjection.csproj", "{FECBF4B4-B824-4B56-AD5A-B153164D07B3}"
EndProject
Project("{2150E333-8FDC-42A3-9474-1A3956D46DE8}") = "C0503_ViewActivationDeactivation", "C0503_ViewActivationDeactivation", "{7903713F-E43D-4A22-AC7E-8B71335228DA}"
EndProject
Project("{9A19103F-16F7-4668-BE54-9A1E7A4F7556}") = "C0503ActivationDeactivation", "Samples\C05_Views\C0503_ViewActivationDeactivation\C0503ActivationDeactivation\C0503ActivationDeactivation.csproj", "{EE8CEB3E-1747-4D96-A432-86F771FF5E38}"
EndProject
Project("{2150E333-8FDC-42A3-9474-1A3956D46DE8}") = "C0504_ViewModelLocator", "C0504_ViewModelLocator", "{1DA88648-3948-495F-9EE6-9435AAA96938}"
EndProject
Project("{9A19103F-16F7-4668-BE54-9A1E7A4F7556}") = "C0504ViewModelLocator", "Samples\C05_Views\C0504_ViewModelLocator\C0504ViewModelLocator\C0504ViewModelLocator.csproj", "{F6D24727-E8BA-4CA0-8EAD-89A805DAEEEB}"
EndProject
Project("{2150E333-8FDC-42A3-9474-1A3956D46DE8}") = "C0505_ChangeConvetion", "C0505_ChangeConvetion", "{52847519-E6DF-4635-9DB0-6355262EA6FF}"
EndProject
Project("{9A19103F-16F7-4668-BE54-9A1E7A4F7556}") = "C0505ChangeConvention", "Samples\C05_Views\C0505_ChangeConvetion\C0505ChangeConvention\C0505ChangeConvention.csproj", "{1C99205D-66E8-4500-BCF4-435E0892CDCF}"
EndProject
Project("{9A19103F-16F7-4668-BE54-9A1E7A4F7556}") = "ModuleA", "Samples\C04_Modules\C0405_Xaml\ModuleA\ModuleA.csproj", "{72309806-822A-4A68-B027-6E0DF20FA5C6}"
EndProject
Project("{9A19103F-16F7-4668-BE54-9A1E7A4F7556}") = "Modules", "Samples\C04_Modules\C0405_Xaml\Modules\Modules.csproj", "{C3E9B330-ADB0-419D-B6E7-DEE3D3598698}"
EndProject
Project("{9A19103F-16F7-4668-BE54-9A1E7A4F7556}") = "ModuleA", "Samples\C04_Modules\C0404_LoadManual\ModuleA\ModuleA.csproj", "{3AA5B5A1-C2B8-4356-A662-7025F3E8BAB0}"
EndProject
Project("{9A19103F-16F7-4668-BE54-9A1E7A4F7556}") = "Modules", "Samples\C04_Modules\C0404_LoadManual\Modules\Modules.csproj", "{CF8F7E9A-A972-4D37-A618-BA634ABF499A}"
EndProject
Project("{9A19103F-16F7-4668-BE54-9A1E7A4F7556}") = "ModuleA", "Samples\C04_Modules\C0403_Directory\ModuleA\ModuleA.csproj", "{5BEB9F0E-F3B8-4320-BE0C-3E6E166916C5}"
EndProject
Project("{9A19103F-16F7-4668-BE54-9A1E7A4F7556}") = "Modules", "Samples\C04_Modules\C0403_Directory\Modules\Modules.csproj", "{3A08E192-074F-484B-8260-BF98AE4B70A5}"
EndProject
Project("{2150E333-8FDC-42A3-9474-1A3956D46DE8}") = "C0506_CustomRegistration", "C0506_CustomRegistration", "{761DC7AD-0FEF-4219-9700-3A280EB26700}"
EndProject
Project("{9A19103F-16F7-4668-BE54-9A1E7A4F7556}") = "ViewModelLocator", "Samples\C05_Views\C0506_CustomRegistration\ViewModelLocator\ViewModelLocator.csproj", "{32822D52-F38A-418F-B7D3-E1A66F64E5B6}"
EndProject
Project("{2150E333-8FDC-42A3-9474-1A3956D46DE8}") = "C0601_DelegateCommands", "C0601_DelegateCommands", "{362A3054-FA64-4679-88E3-3920628DD835}"
EndProject
Project("{FAE04EC0-301F-11D3-BF4B-00C04F79EFBC}") = "C0601UsingDelegateCommand", "Samples\C06_Commands\C0601_DelegateCommands\C0601UsingDelegateCommand\C0601UsingDelegateCommand.csproj", "{49404F07-7DCE-427D-91E5-F05ED6329F1B}"
EndProject
Global
	GlobalSection(SolutionConfigurationPlatforms) = preSolution
		Debug|Any CPU = Debug|Any CPU
		Release|Any CPU = Release|Any CPU
	EndGlobalSection
	GlobalSection(ProjectConfigurationPlatforms) = postSolution
		{33FB80CD-5269-4395-9601-024BEC86DCD2}.Debug|Any CPU.ActiveCfg = Debug|Any CPU
		{33FB80CD-5269-4395-9601-024BEC86DCD2}.Debug|Any CPU.Build.0 = Debug|Any CPU
		{33FB80CD-5269-4395-9601-024BEC86DCD2}.Release|Any CPU.ActiveCfg = Release|Any CPU
		{33FB80CD-5269-4395-9601-024BEC86DCD2}.Release|Any CPU.Build.0 = Release|Any CPU
		{ACB7CEB9-E8EE-48AA-8A44-57D67828E9A3}.Debug|Any CPU.ActiveCfg = Debug|Any CPU
		{ACB7CEB9-E8EE-48AA-8A44-57D67828E9A3}.Debug|Any CPU.Build.0 = Debug|Any CPU
		{ACB7CEB9-E8EE-48AA-8A44-57D67828E9A3}.Release|Any CPU.ActiveCfg = Release|Any CPU
		{ACB7CEB9-E8EE-48AA-8A44-57D67828E9A3}.Release|Any CPU.Build.0 = Release|Any CPU
		{F34AA103-3D98-4E24-9C25-03994A309F04}.Debug|Any CPU.ActiveCfg = Debug|Any CPU
		{F34AA103-3D98-4E24-9C25-03994A309F04}.Debug|Any CPU.Build.0 = Debug|Any CPU
		{F34AA103-3D98-4E24-9C25-03994A309F04}.Release|Any CPU.ActiveCfg = Release|Any CPU
		{F34AA103-3D98-4E24-9C25-03994A309F04}.Release|Any CPU.Build.0 = Release|Any CPU
		{66F28B78-543E-405F-971E-FC58F41EA855}.Debug|Any CPU.ActiveCfg = Debug|Any CPU
		{66F28B78-543E-405F-971E-FC58F41EA855}.Debug|Any CPU.Build.0 = Debug|Any CPU
		{66F28B78-543E-405F-971E-FC58F41EA855}.Release|Any CPU.ActiveCfg = Release|Any CPU
		{66F28B78-543E-405F-971E-FC58F41EA855}.Release|Any CPU.Build.0 = Release|Any CPU
		{D93685F9-928F-4535-BC5B-906B447D0547}.Debug|Any CPU.ActiveCfg = Debug|Any CPU
		{D93685F9-928F-4535-BC5B-906B447D0547}.Debug|Any CPU.Build.0 = Debug|Any CPU
		{D93685F9-928F-4535-BC5B-906B447D0547}.Release|Any CPU.ActiveCfg = Release|Any CPU
		{D93685F9-928F-4535-BC5B-906B447D0547}.Release|Any CPU.Build.0 = Release|Any CPU
		{9A2FA4B5-66B0-4CD9-94A2-5F43BA0D501D}.Debug|Any CPU.ActiveCfg = Debug|Any CPU
		{9A2FA4B5-66B0-4CD9-94A2-5F43BA0D501D}.Debug|Any CPU.Build.0 = Debug|Any CPU
		{9A2FA4B5-66B0-4CD9-94A2-5F43BA0D501D}.Release|Any CPU.ActiveCfg = Release|Any CPU
		{9A2FA4B5-66B0-4CD9-94A2-5F43BA0D501D}.Release|Any CPU.Build.0 = Release|Any CPU
		{10219177-3018-4BF2-8349-53018A9EB2FF}.Debug|Any CPU.ActiveCfg = Debug|Any CPU
		{10219177-3018-4BF2-8349-53018A9EB2FF}.Debug|Any CPU.Build.0 = Debug|Any CPU
		{10219177-3018-4BF2-8349-53018A9EB2FF}.Release|Any CPU.ActiveCfg = Release|Any CPU
		{10219177-3018-4BF2-8349-53018A9EB2FF}.Release|Any CPU.Build.0 = Release|Any CPU
		{999DAE94-594F-4DBE-B4CD-27AF51440C10}.Debug|Any CPU.ActiveCfg = Debug|Any CPU
		{999DAE94-594F-4DBE-B4CD-27AF51440C10}.Debug|Any CPU.Build.0 = Debug|Any CPU
		{999DAE94-594F-4DBE-B4CD-27AF51440C10}.Release|Any CPU.ActiveCfg = Release|Any CPU
		{999DAE94-594F-4DBE-B4CD-27AF51440C10}.Release|Any CPU.Build.0 = Release|Any CPU
		{A0BABDDF-E476-4454-9B94-826219AAA323}.Debug|Any CPU.ActiveCfg = Debug|Any CPU
		{A0BABDDF-E476-4454-9B94-826219AAA323}.Debug|Any CPU.Build.0 = Debug|Any CPU
		{A0BABDDF-E476-4454-9B94-826219AAA323}.Release|Any CPU.ActiveCfg = Release|Any CPU
		{A0BABDDF-E476-4454-9B94-826219AAA323}.Release|Any CPU.Build.0 = Release|Any CPU
		{F222576E-3F65-479E-B741-5DF434487941}.Debug|Any CPU.ActiveCfg = Debug|Any CPU
		{F222576E-3F65-479E-B741-5DF434487941}.Debug|Any CPU.Build.0 = Debug|Any CPU
		{F222576E-3F65-479E-B741-5DF434487941}.Release|Any CPU.ActiveCfg = Release|Any CPU
		{F222576E-3F65-479E-B741-5DF434487941}.Release|Any CPU.Build.0 = Release|Any CPU
		{45D34A73-45D9-46F4-8C5A-E0BA42F4DD34}.Debug|Any CPU.ActiveCfg = Debug|Any CPU
		{45D34A73-45D9-46F4-8C5A-E0BA42F4DD34}.Debug|Any CPU.Build.0 = Debug|Any CPU
		{45D34A73-45D9-46F4-8C5A-E0BA42F4DD34}.Release|Any CPU.ActiveCfg = Release|Any CPU
		{45D34A73-45D9-46F4-8C5A-E0BA42F4DD34}.Release|Any CPU.Build.0 = Release|Any CPU
		{18CF00E7-8C76-46A4-8D22-0D5A05F481B4}.Debug|Any CPU.ActiveCfg = Debug|Any CPU
		{18CF00E7-8C76-46A4-8D22-0D5A05F481B4}.Debug|Any CPU.Build.0 = Debug|Any CPU
		{18CF00E7-8C76-46A4-8D22-0D5A05F481B4}.Release|Any CPU.ActiveCfg = Release|Any CPU
		{18CF00E7-8C76-46A4-8D22-0D5A05F481B4}.Release|Any CPU.Build.0 = Release|Any CPU
		{7EA09E65-860C-4DCB-91FD-363FF64CC044}.Debug|Any CPU.ActiveCfg = Debug|Any CPU
		{7EA09E65-860C-4DCB-91FD-363FF64CC044}.Debug|Any CPU.Build.0 = Debug|Any CPU
		{7EA09E65-860C-4DCB-91FD-363FF64CC044}.Release|Any CPU.ActiveCfg = Release|Any CPU
		{7EA09E65-860C-4DCB-91FD-363FF64CC044}.Release|Any CPU.Build.0 = Release|Any CPU
		{0D698FAE-A52D-4B40-A0A7-401820699252}.Debug|Any CPU.ActiveCfg = Debug|Any CPU
		{0D698FAE-A52D-4B40-A0A7-401820699252}.Debug|Any CPU.Build.0 = Debug|Any CPU
		{0D698FAE-A52D-4B40-A0A7-401820699252}.Release|Any CPU.ActiveCfg = Release|Any CPU
		{0D698FAE-A52D-4B40-A0A7-401820699252}.Release|Any CPU.Build.0 = Release|Any CPU
		{0EE67C06-93D5-4ADD-AD49-EA922859A7AB}.Debug|Any CPU.ActiveCfg = Debug|Any CPU
		{0EE67C06-93D5-4ADD-AD49-EA922859A7AB}.Debug|Any CPU.Build.0 = Debug|Any CPU
		{0EE67C06-93D5-4ADD-AD49-EA922859A7AB}.Release|Any CPU.ActiveCfg = Release|Any CPU
		{0EE67C06-93D5-4ADD-AD49-EA922859A7AB}.Release|Any CPU.Build.0 = Release|Any CPU
		{F8AE321A-9743-433F-8F57-4DD5DD6B10C8}.Debug|Any CPU.ActiveCfg = Debug|Any CPU
		{F8AE321A-9743-433F-8F57-4DD5DD6B10C8}.Debug|Any CPU.Build.0 = Debug|Any CPU
		{F8AE321A-9743-433F-8F57-4DD5DD6B10C8}.Release|Any CPU.ActiveCfg = Release|Any CPU
		{F8AE321A-9743-433F-8F57-4DD5DD6B10C8}.Release|Any CPU.Build.0 = Release|Any CPU
		{85A811B0-F7BF-4669-B274-603BF232F585}.Debug|Any CPU.ActiveCfg = Debug|Any CPU
		{85A811B0-F7BF-4669-B274-603BF232F585}.Debug|Any CPU.Build.0 = Debug|Any CPU
		{85A811B0-F7BF-4669-B274-603BF232F585}.Release|Any CPU.ActiveCfg = Release|Any CPU
		{85A811B0-F7BF-4669-B274-603BF232F585}.Release|Any CPU.Build.0 = Release|Any CPU
		{EB9EEC3E-CE62-40E8-9D6B-0D613877D26A}.Debug|Any CPU.ActiveCfg = Debug|Any CPU
		{EB9EEC3E-CE62-40E8-9D6B-0D613877D26A}.Debug|Any CPU.Build.0 = Debug|Any CPU
		{EB9EEC3E-CE62-40E8-9D6B-0D613877D26A}.Release|Any CPU.ActiveCfg = Release|Any CPU
		{EB9EEC3E-CE62-40E8-9D6B-0D613877D26A}.Release|Any CPU.Build.0 = Release|Any CPU
		{E03D0890-B22D-49DA-B82B-AE5B6474A2B9}.Debug|Any CPU.ActiveCfg = Debug|Any CPU
		{E03D0890-B22D-49DA-B82B-AE5B6474A2B9}.Debug|Any CPU.Build.0 = Debug|Any CPU
		{E03D0890-B22D-49DA-B82B-AE5B6474A2B9}.Release|Any CPU.ActiveCfg = Release|Any CPU
		{E03D0890-B22D-49DA-B82B-AE5B6474A2B9}.Release|Any CPU.Build.0 = Release|Any CPU
		{FECBF4B4-B824-4B56-AD5A-B153164D07B3}.Debug|Any CPU.ActiveCfg = Debug|Any CPU
		{FECBF4B4-B824-4B56-AD5A-B153164D07B3}.Debug|Any CPU.Build.0 = Debug|Any CPU
		{FECBF4B4-B824-4B56-AD5A-B153164D07B3}.Release|Any CPU.ActiveCfg = Release|Any CPU
		{FECBF4B4-B824-4B56-AD5A-B153164D07B3}.Release|Any CPU.Build.0 = Release|Any CPU
		{EE8CEB3E-1747-4D96-A432-86F771FF5E38}.Debug|Any CPU.ActiveCfg = Debug|Any CPU
		{EE8CEB3E-1747-4D96-A432-86F771FF5E38}.Debug|Any CPU.Build.0 = Debug|Any CPU
		{EE8CEB3E-1747-4D96-A432-86F771FF5E38}.Release|Any CPU.ActiveCfg = Release|Any CPU
		{EE8CEB3E-1747-4D96-A432-86F771FF5E38}.Release|Any CPU.Build.0 = Release|Any CPU
		{F6D24727-E8BA-4CA0-8EAD-89A805DAEEEB}.Debug|Any CPU.ActiveCfg = Debug|Any CPU
		{F6D24727-E8BA-4CA0-8EAD-89A805DAEEEB}.Debug|Any CPU.Build.0 = Debug|Any CPU
		{F6D24727-E8BA-4CA0-8EAD-89A805DAEEEB}.Release|Any CPU.ActiveCfg = Release|Any CPU
		{F6D24727-E8BA-4CA0-8EAD-89A805DAEEEB}.Release|Any CPU.Build.0 = Release|Any CPU
		{1C99205D-66E8-4500-BCF4-435E0892CDCF}.Debug|Any CPU.ActiveCfg = Debug|Any CPU
		{1C99205D-66E8-4500-BCF4-435E0892CDCF}.Debug|Any CPU.Build.0 = Debug|Any CPU
		{1C99205D-66E8-4500-BCF4-435E0892CDCF}.Release|Any CPU.ActiveCfg = Release|Any CPU
		{1C99205D-66E8-4500-BCF4-435E0892CDCF}.Release|Any CPU.Build.0 = Release|Any CPU
		{72309806-822A-4A68-B027-6E0DF20FA5C6}.Debug|Any CPU.ActiveCfg = Debug|Any CPU
		{72309806-822A-4A68-B027-6E0DF20FA5C6}.Debug|Any CPU.Build.0 = Debug|Any CPU
		{72309806-822A-4A68-B027-6E0DF20FA5C6}.Release|Any CPU.ActiveCfg = Release|Any CPU
		{72309806-822A-4A68-B027-6E0DF20FA5C6}.Release|Any CPU.Build.0 = Release|Any CPU
		{C3E9B330-ADB0-419D-B6E7-DEE3D3598698}.Debug|Any CPU.ActiveCfg = Debug|Any CPU
		{C3E9B330-ADB0-419D-B6E7-DEE3D3598698}.Debug|Any CPU.Build.0 = Debug|Any CPU
		{C3E9B330-ADB0-419D-B6E7-DEE3D3598698}.Release|Any CPU.ActiveCfg = Release|Any CPU
		{C3E9B330-ADB0-419D-B6E7-DEE3D3598698}.Release|Any CPU.Build.0 = Release|Any CPU
		{3AA5B5A1-C2B8-4356-A662-7025F3E8BAB0}.Debug|Any CPU.ActiveCfg = Debug|Any CPU
		{3AA5B5A1-C2B8-4356-A662-7025F3E8BAB0}.Debug|Any CPU.Build.0 = Debug|Any CPU
		{3AA5B5A1-C2B8-4356-A662-7025F3E8BAB0}.Release|Any CPU.ActiveCfg = Release|Any CPU
		{3AA5B5A1-C2B8-4356-A662-7025F3E8BAB0}.Release|Any CPU.Build.0 = Release|Any CPU
		{CF8F7E9A-A972-4D37-A618-BA634ABF499A}.Debug|Any CPU.ActiveCfg = Debug|Any CPU
		{CF8F7E9A-A972-4D37-A618-BA634ABF499A}.Debug|Any CPU.Build.0 = Debug|Any CPU
		{CF8F7E9A-A972-4D37-A618-BA634ABF499A}.Release|Any CPU.ActiveCfg = Release|Any CPU
		{CF8F7E9A-A972-4D37-A618-BA634ABF499A}.Release|Any CPU.Build.0 = Release|Any CPU
		{5BEB9F0E-F3B8-4320-BE0C-3E6E166916C5}.Debug|Any CPU.ActiveCfg = Debug|Any CPU
		{5BEB9F0E-F3B8-4320-BE0C-3E6E166916C5}.Debug|Any CPU.Build.0 = Debug|Any CPU
		{5BEB9F0E-F3B8-4320-BE0C-3E6E166916C5}.Release|Any CPU.ActiveCfg = Release|Any CPU
		{5BEB9F0E-F3B8-4320-BE0C-3E6E166916C5}.Release|Any CPU.Build.0 = Release|Any CPU
		{3A08E192-074F-484B-8260-BF98AE4B70A5}.Debug|Any CPU.ActiveCfg = Debug|Any CPU
		{3A08E192-074F-484B-8260-BF98AE4B70A5}.Debug|Any CPU.Build.0 = Debug|Any CPU
		{3A08E192-074F-484B-8260-BF98AE4B70A5}.Release|Any CPU.ActiveCfg = Release|Any CPU
		{3A08E192-074F-484B-8260-BF98AE4B70A5}.Release|Any CPU.Build.0 = Release|Any CPU
		{32822D52-F38A-418F-B7D3-E1A66F64E5B6}.Debug|Any CPU.ActiveCfg = Debug|Any CPU
		{32822D52-F38A-418F-B7D3-E1A66F64E5B6}.Debug|Any CPU.Build.0 = Debug|Any CPU
		{32822D52-F38A-418F-B7D3-E1A66F64E5B6}.Release|Any CPU.ActiveCfg = Release|Any CPU
		{32822D52-F38A-418F-B7D3-E1A66F64E5B6}.Release|Any CPU.Build.0 = Release|Any CPU
		{49404F07-7DCE-427D-91E5-F05ED6329F1B}.Debug|Any CPU.ActiveCfg = Debug|Any CPU
		{49404F07-7DCE-427D-91E5-F05ED6329F1B}.Debug|Any CPU.Build.0 = Debug|Any CPU
		{49404F07-7DCE-427D-91E5-F05ED6329F1B}.Release|Any CPU.ActiveCfg = Release|Any CPU
		{49404F07-7DCE-427D-91E5-F05ED6329F1B}.Release|Any CPU.Build.0 = Release|Any CPU
	EndGlobalSection
	GlobalSection(SolutionProperties) = preSolution
		HideSolutionNode = FALSE
	EndGlobalSection
	GlobalSection(NestedProjects) = preSolution
		{33FB80CD-5269-4395-9601-024BEC86DCD2} = {E2C677C7-A2C4-4A31-8734-FEAA5E0EC278}
		{ACB7CEB9-E8EE-48AA-8A44-57D67828E9A3} = {E2C677C7-A2C4-4A31-8734-FEAA5E0EC278}
		{F34AA103-3D98-4E24-9C25-03994A309F04} = {A360DF81-B6DD-4551-BAC5-1C99669588C6}
		{66F28B78-543E-405F-971E-FC58F41EA855} = {0DF3E43B-E0BA-4126-A905-DA8F081FA904}
		{D93685F9-928F-4535-BC5B-906B447D0547} = {0DF3E43B-E0BA-4126-A905-DA8F081FA904}
		{A2575086-CF24-4242-A78C-B48F19C94F4F} = {49DC236A-CB7C-4362-8242-5479048F702C}
		{47AB7E01-F1A9-4E16-A035-921A7C0136BD} = {49DC236A-CB7C-4362-8242-5479048F702C}
		{9A2FA4B5-66B0-4CD9-94A2-5F43BA0D501D} = {A2575086-CF24-4242-A78C-B48F19C94F4F}
		{10219177-3018-4BF2-8349-53018A9EB2FF} = {47AB7E01-F1A9-4E16-A035-921A7C0136BD}
		{C0296A1A-038F-4797-964D-292739808D9D} = {49DC236A-CB7C-4362-8242-5479048F702C}
		{E8280E88-C6BA-468C-81E0-E71D01625E84} = {C0296A1A-038F-4797-964D-292739808D9D}
		{92B00812-A659-4DB8-8492-537CB91F6121} = {C0296A1A-038F-4797-964D-292739808D9D}
		{999DAE94-594F-4DBE-B4CD-27AF51440C10} = {E8280E88-C6BA-468C-81E0-E71D01625E84}
		{A0BABDDF-E476-4454-9B94-826219AAA323} = {E8280E88-C6BA-468C-81E0-E71D01625E84}
		{F222576E-3F65-479E-B741-5DF434487941} = {E8280E88-C6BA-468C-81E0-E71D01625E84}
		{45D34A73-45D9-46F4-8C5A-E0BA42F4DD34} = {92B00812-A659-4DB8-8492-537CB91F6121}
		{18CF00E7-8C76-46A4-8D22-0D5A05F481B4} = {92B00812-A659-4DB8-8492-537CB91F6121}
		{7EA09E65-860C-4DCB-91FD-363FF64CC044} = {92B00812-A659-4DB8-8492-537CB91F6121}
		{0D698FAE-A52D-4B40-A0A7-401820699252} = {92B00812-A659-4DB8-8492-537CB91F6121}
		{E238AB4D-828E-4D3B-BD44-F8704C7A71C3} = {49DC236A-CB7C-4362-8242-5479048F702C}
		{F016E8F7-17B2-4C4E-ADD9-E405D1DB1047} = {49DC236A-CB7C-4362-8242-5479048F702C}
		{2F011758-E871-4AEF-9637-255F2B9B535C} = {49DC236A-CB7C-4362-8242-5479048F702C}
		{2004428F-13CD-49C7-A40B-AB2988568C47} = {49DC236A-CB7C-4362-8242-5479048F702C}
		{77D97F2B-C5FE-4CC9-B936-2D6CC8230A0F} = {E238AB4D-828E-4D3B-BD44-F8704C7A71C3}
		{4B8A7FA4-394E-4B12-8CDF-054E64BB5292} = {E238AB4D-828E-4D3B-BD44-F8704C7A71C3}
		{0EE67C06-93D5-4ADD-AD49-EA922859A7AB} = {77D97F2B-C5FE-4CC9-B936-2D6CC8230A0F}
		{F8AE321A-9743-433F-8F57-4DD5DD6B10C8} = {77D97F2B-C5FE-4CC9-B936-2D6CC8230A0F}
		{85A811B0-F7BF-4669-B274-603BF232F585} = {4B8A7FA4-394E-4B12-8CDF-054E64BB5292}
		{EB9EEC3E-CE62-40E8-9D6B-0D613877D26A} = {4B8A7FA4-394E-4B12-8CDF-054E64BB5292}
		{9856E887-B5A8-4FE1-9854-0B2604EBF574} = {E238AB4D-828E-4D3B-BD44-F8704C7A71C3}
		{1589F228-D656-4BEC-AC48-CEA5EAB79DC7} = {E238AB4D-828E-4D3B-BD44-F8704C7A71C3}
		{F2ED01D7-F71E-4A7F-81C8-8DD2D66FFEA4} = {E238AB4D-828E-4D3B-BD44-F8704C7A71C3}
		{111B61F5-10A6-4E28-9951-4F4597F4BA78} = {F016E8F7-17B2-4C4E-ADD9-E405D1DB1047}
		{E03D0890-B22D-49DA-B82B-AE5B6474A2B9} = {111B61F5-10A6-4E28-9951-4F4597F4BA78}
		{319C61AD-526F-4357-848C-2F073DC307B1} = {F016E8F7-17B2-4C4E-ADD9-E405D1DB1047}
		{FECBF4B4-B824-4B56-AD5A-B153164D07B3} = {319C61AD-526F-4357-848C-2F073DC307B1}
		{7903713F-E43D-4A22-AC7E-8B71335228DA} = {F016E8F7-17B2-4C4E-ADD9-E405D1DB1047}
		{EE8CEB3E-1747-4D96-A432-86F771FF5E38} = {7903713F-E43D-4A22-AC7E-8B71335228DA}
		{1DA88648-3948-495F-9EE6-9435AAA96938} = {F016E8F7-17B2-4C4E-ADD9-E405D1DB1047}
		{F6D24727-E8BA-4CA0-8EAD-89A805DAEEEB} = {1DA88648-3948-495F-9EE6-9435AAA96938}
		{52847519-E6DF-4635-9DB0-6355262EA6FF} = {F016E8F7-17B2-4C4E-ADD9-E405D1DB1047}
		{1C99205D-66E8-4500-BCF4-435E0892CDCF} = {52847519-E6DF-4635-9DB0-6355262EA6FF}
		{72309806-822A-4A68-B027-6E0DF20FA5C6} = {F2ED01D7-F71E-4A7F-81C8-8DD2D66FFEA4}
		{C3E9B330-ADB0-419D-B6E7-DEE3D3598698} = {F2ED01D7-F71E-4A7F-81C8-8DD2D66FFEA4}
		{3AA5B5A1-C2B8-4356-A662-7025F3E8BAB0} = {1589F228-D656-4BEC-AC48-CEA5EAB79DC7}
		{CF8F7E9A-A972-4D37-A618-BA634ABF499A} = {1589F228-D656-4BEC-AC48-CEA5EAB79DC7}
		{5BEB9F0E-F3B8-4320-BE0C-3E6E166916C5} = {9856E887-B5A8-4FE1-9854-0B2604EBF574}
		{3A08E192-074F-484B-8260-BF98AE4B70A5} = {9856E887-B5A8-4FE1-9854-0B2604EBF574}
		{761DC7AD-0FEF-4219-9700-3A280EB26700} = {F016E8F7-17B2-4C4E-ADD9-E405D1DB1047}
		{32822D52-F38A-418F-B7D3-E1A66F64E5B6} = {761DC7AD-0FEF-4219-9700-3A280EB26700}
		{362A3054-FA64-4679-88E3-3920628DD835} = {2F011758-E871-4AEF-9637-255F2B9B535C}
		{49404F07-7DCE-427D-91E5-F05ED6329F1B} = {362A3054-FA64-4679-88E3-3920628DD835}
	EndGlobalSection
	GlobalSection(ExtensibilityGlobals) = postSolution
		SolutionGuid = {EB05221E-019C-41DA-97BD-B30D58036BF1}
	EndGlobalSection
EndGlobal
