
Microsoft Visual Studio Solution File, Format Version 12.00
# Visual Studio Version 17
VisualStudioVersion = 17.0.31825.309
MinimumVisualStudioVersion = 10.0.40219.1
Project("{2150E333-8FDC-42A3-9474-1A3956D46DE8}") = "S01_AppShell", "S01_AppShell", "{43CDAA2B-5325-46A5-A982-1D1AFBF6BF3C}"
EndProject
Project("{9A19103F-16F7-4668-BE54-9A1E7A4F7556}") = "S0101App", "Tutorials\S01_AppShell\S0101App\S0101App.csproj", "{59AD3962-072D-4EAB-BBAC-F7D6C3D8B17E}"
EndProject
Project("{9A19103F-16F7-4668-BE54-9A1E7A4F7556}") = "S0101ModuleA", "Tutorials\S01_AppShell\S0101ModuleA\S0101ModuleA.csproj", "{F65461B1-885B-476C-B625-B1DD7D98A62D}"
EndProject
Project("{9A19103F-16F7-4668-BE54-9A1E7A4F7556}") = "S0101Shared", "Tutorials\S01_AppShell\S0101Shared\S0101Shared.csproj", "{E1E48172-8AD4-4644-8E91-BE0A1C27CFBC}"
EndProject
Project("{2150E333-8FDC-42A3-9474-1A3956D46DE8}") = "S02_Modules", "S02_Modules", "{1FFD1F5D-9144-4B5C-B8F3-68A91262ADD5}"
EndProject
Project("{9A19103F-16F7-4668-BE54-9A1E7A4F7556}") = "S0201App", "Tutorials\S02_Modules\S0201App\S0201App.csproj", "{9CA97E0A-7D37-4A9B-BA4E-8AEFACBAAC22}"
EndProject
Project("{9A19103F-16F7-4668-BE54-9A1E7A4F7556}") = "S0201SharedLibrary", "Tutorials\S02_Modules\S0201SharedLibrary\S0201SharedLibrary.csproj", "{C49C8AEE-9131-4DE3-94B0-80AF1C6DD4F2}"
EndProject
Project("{9A19103F-16F7-4668-BE54-9A1E7A4F7556}") = "S0201ProcedureDetails", "Tutorials\S02_Modules\S0201ProcedureDetails\S0201ProcedureDetails.csproj", "{05C2168E-E451-4F94-85B0-27CE6B631808}"
EndProject
Project("{9A19103F-16F7-4668-BE54-9A1E7A4F7556}") = "S0201ProcedureCollection", "Tutorials\S02_Modules\S0201ProcedureCollection\S0201ProcedureCollection.csproj", "{8CCF4E4A-C36C-4935-978E-3965FD57B9F4}"
EndProject
Project("{2150E333-8FDC-42A3-9474-1A3956D46DE8}") = "S05_NavigationJournal", "S05_NavigationJournal", "{A710A8F4-5359-40B2-B98C-DAACD37434D4}"
EndProject
Project("{FAE04EC0-301F-11D3-BF4B-00C04F79EFBC}") = "NavigationJournal", "Tutorials\S05_NavigationJournal\NavigationJournal\NavigationJournal.csproj", "{4CCAD2D3-57FE-47F6-9F86-BA3418B4F51A}"
EndProject
Project("{FAE04EC0-301F-11D3-BF4B-00C04F79EFBC}") = "ModuleA", "Tutorials\S05_NavigationJournal\ModuleA\ModuleA.csproj", "{6809F3F3-A6FD-4247-969C-7C05E05D567B}"
EndProject
Project("{2150E333-8FDC-42A3-9474-1A3956D46DE8}") = "S03_RegionContext", "S03_RegionContext", "{B452FE8F-FBB6-4623-A48A-2D14BDBDC879}"
EndProject
Project("{FAE04EC0-301F-11D3-BF4B-00C04F79EFBC}") = "RegionContextDemo", "Tutorials\S03_RegionContext\RegionContextDemo\RegionContextDemo.csproj", "{927B3888-4A4E-4627-92AD-E153FAA459F5}"
EndProject
Project("{FAE04EC0-301F-11D3-BF4B-00C04F79EFBC}") = "S0301ModuleA", "Tutorials\S03_RegionContext\S0301ModuleA\S0301ModuleA.csproj", "{E077DFD9-4DE2-479F-9B12-A3F6F32CA1F5}"
EndProject
Project("{2150E333-8FDC-42A3-9474-1A3956D46DE8}") = "S04_Regions", "S04_Regions", "{0E8DAA09-B646-4B68-A094-118089EA00A0}"
EndProject
Project("{FAE04EC0-301F-11D3-BF4B-00C04F79EFBC}") = "Regions", "Tutorials\S04_Regions\Regions\Regions.csproj", "{3A643690-3827-4F49-B52F-C39EC91AFCA7}"
EndProject
Project("{2150E333-8FDC-42A3-9474-1A3956D46DE8}") = "S00_Bootstrapper", "S00_Bootstrapper", "{42554D9B-B3E8-44C6-95AE-E2C24E1357AF}"
EndProject
Project("{FAE04EC0-301F-11D3-BF4B-00C04F79EFBC}") = "BootstrapperShell", "Tutorials\S00_Bootstrapper\BootstrapperShell\BootstrapperShell.csproj", "{8F0B3201-C9C1-4D96-A122-F7DF76AF03C0}"
EndProject
Global
	GlobalSection(SolutionConfigurationPlatforms) = preSolution
		Debug|Any CPU = Debug|Any CPU
		Release|Any CPU = Release|Any CPU
	EndGlobalSection
	GlobalSection(ProjectConfigurationPlatforms) = postSolution
		{59AD3962-072D-4EAB-BBAC-F7D6C3D8B17E}.Debug|Any CPU.ActiveCfg = Debug|Any CPU
		{59AD3962-072D-4EAB-BBAC-F7D6C3D8B17E}.Debug|Any CPU.Build.0 = Debug|Any CPU
		{59AD3962-072D-4EAB-BBAC-F7D6C3D8B17E}.Release|Any CPU.ActiveCfg = Release|Any CPU
		{59AD3962-072D-4EAB-BBAC-F7D6C3D8B17E}.Release|Any CPU.Build.0 = Release|Any CPU
		{F65461B1-885B-476C-B625-B1DD7D98A62D}.Debug|Any CPU.ActiveCfg = Debug|Any CPU
		{F65461B1-885B-476C-B625-B1DD7D98A62D}.Debug|Any CPU.Build.0 = Debug|Any CPU
		{F65461B1-885B-476C-B625-B1DD7D98A62D}.Release|Any CPU.ActiveCfg = Release|Any CPU
		{F65461B1-885B-476C-B625-B1DD7D98A62D}.Release|Any CPU.Build.0 = Release|Any CPU
		{E1E48172-8AD4-4644-8E91-BE0A1C27CFBC}.Debug|Any CPU.ActiveCfg = Debug|Any CPU
		{E1E48172-8AD4-4644-8E91-BE0A1C27CFBC}.Debug|Any CPU.Build.0 = Debug|Any CPU
		{E1E48172-8AD4-4644-8E91-BE0A1C27CFBC}.Release|Any CPU.ActiveCfg = Release|Any CPU
		{E1E48172-8AD4-4644-8E91-BE0A1C27CFBC}.Release|Any CPU.Build.0 = Release|Any CPU
		{9CA97E0A-7D37-4A9B-BA4E-8AEFACBAAC22}.Debug|Any CPU.ActiveCfg = Debug|Any CPU
		{9CA97E0A-7D37-4A9B-BA4E-8AEFACBAAC22}.Debug|Any CPU.Build.0 = Debug|Any CPU
		{9CA97E0A-7D37-4A9B-BA4E-8AEFACBAAC22}.Release|Any CPU.ActiveCfg = Release|Any CPU
		{9CA97E0A-7D37-4A9B-BA4E-8AEFACBAAC22}.Release|Any CPU.Build.0 = Release|Any CPU
		{C49C8AEE-9131-4DE3-94B0-80AF1C6DD4F2}.Debug|Any CPU.ActiveCfg = Debug|Any CPU
		{C49C8AEE-9131-4DE3-94B0-80AF1C6DD4F2}.Debug|Any CPU.Build.0 = Debug|Any CPU
		{C49C8AEE-9131-4DE3-94B0-80AF1C6DD4F2}.Release|Any CPU.ActiveCfg = Release|Any CPU
		{C49C8AEE-9131-4DE3-94B0-80AF1C6DD4F2}.Release|Any CPU.Build.0 = Release|Any CPU
		{05C2168E-E451-4F94-85B0-27CE6B631808}.Debug|Any CPU.ActiveCfg = Debug|Any CPU
		{05C2168E-E451-4F94-85B0-27CE6B631808}.Debug|Any CPU.Build.0 = Debug|Any CPU
		{05C2168E-E451-4F94-85B0-27CE6B631808}.Release|Any CPU.ActiveCfg = Release|Any CPU
		{05C2168E-E451-4F94-85B0-27CE6B631808}.Release|Any CPU.Build.0 = Release|Any CPU
		{8CCF4E4A-C36C-4935-978E-3965FD57B9F4}.Debug|Any CPU.ActiveCfg = Debug|Any CPU
		{8CCF4E4A-C36C-4935-978E-3965FD57B9F4}.Debug|Any CPU.Build.0 = Debug|Any CPU
		{8CCF4E4A-C36C-4935-978E-3965FD57B9F4}.Release|Any CPU.ActiveCfg = Release|Any CPU
		{8CCF4E4A-C36C-4935-978E-3965FD57B9F4}.Release|Any CPU.Build.0 = Release|Any CPU
		{4CCAD2D3-57FE-47F6-9F86-BA3418B4F51A}.Debug|Any CPU.ActiveCfg = Debug|Any CPU
		{4CCAD2D3-57FE-47F6-9F86-BA3418B4F51A}.Debug|Any CPU.Build.0 = Debug|Any CPU
		{4CCAD2D3-57FE-47F6-9F86-BA3418B4F51A}.Release|Any CPU.ActiveCfg = Release|Any CPU
		{4CCAD2D3-57FE-47F6-9F86-BA3418B4F51A}.Release|Any CPU.Build.0 = Release|Any CPU
		{6809F3F3-A6FD-4247-969C-7C05E05D567B}.Debug|Any CPU.ActiveCfg = Debug|Any CPU
		{6809F3F3-A6FD-4247-969C-7C05E05D567B}.Debug|Any CPU.Build.0 = Debug|Any CPU
		{6809F3F3-A6FD-4247-969C-7C05E05D567B}.Release|Any CPU.ActiveCfg = Release|Any CPU
		{6809F3F3-A6FD-4247-969C-7C05E05D567B}.Release|Any CPU.Build.0 = Release|Any CPU
		{927B3888-4A4E-4627-92AD-E153FAA459F5}.Debug|Any CPU.ActiveCfg = Debug|Any CPU
		{927B3888-4A4E-4627-92AD-E153FAA459F5}.Debug|Any CPU.Build.0 = Debug|Any CPU
		{927B3888-4A4E-4627-92AD-E153FAA459F5}.Release|Any CPU.ActiveCfg = Release|Any CPU
		{927B3888-4A4E-4627-92AD-E153FAA459F5}.Release|Any CPU.Build.0 = Release|Any CPU
		{E077DFD9-4DE2-479F-9B12-A3F6F32CA1F5}.Debug|Any CPU.ActiveCfg = Debug|Any CPU
		{E077DFD9-4DE2-479F-9B12-A3F6F32CA1F5}.Debug|Any CPU.Build.0 = Debug|Any CPU
		{E077DFD9-4DE2-479F-9B12-A3F6F32CA1F5}.Release|Any CPU.ActiveCfg = Release|Any CPU
		{E077DFD9-4DE2-479F-9B12-A3F6F32CA1F5}.Release|Any CPU.Build.0 = Release|Any CPU
		{3A643690-3827-4F49-B52F-C39EC91AFCA7}.Debug|Any CPU.ActiveCfg = Debug|Any CPU
		{3A643690-3827-4F49-B52F-C39EC91AFCA7}.Debug|Any CPU.Build.0 = Debug|Any CPU
		{3A643690-3827-4F49-B52F-C39EC91AFCA7}.Release|Any CPU.ActiveCfg = Release|Any CPU
		{3A643690-3827-4F49-B52F-C39EC91AFCA7}.Release|Any CPU.Build.0 = Release|Any CPU
		{8F0B3201-C9C1-4D96-A122-F7DF76AF03C0}.Debug|Any CPU.ActiveCfg = Debug|Any CPU
		{8F0B3201-C9C1-4D96-A122-F7DF76AF03C0}.Debug|Any CPU.Build.0 = Debug|Any CPU
		{8F0B3201-C9C1-4D96-A122-F7DF76AF03C0}.Release|Any CPU.ActiveCfg = Release|Any CPU
		{8F0B3201-C9C1-4D96-A122-F7DF76AF03C0}.Release|Any CPU.Build.0 = Release|Any CPU
	EndGlobalSection
	GlobalSection(SolutionProperties) = preSolution
		HideSolutionNode = FALSE
	EndGlobalSection
	GlobalSection(NestedProjects) = preSolution
		{59AD3962-072D-4EAB-BBAC-F7D6C3D8B17E} = {43CDAA2B-5325-46A5-A982-1D1AFBF6BF3C}
		{F65461B1-885B-476C-B625-B1DD7D98A62D} = {43CDAA2B-5325-46A5-A982-1D1AFBF6BF3C}
		{E1E48172-8AD4-4644-8E91-BE0A1C27CFBC} = {43CDAA2B-5325-46A5-A982-1D1AFBF6BF3C}
		{9CA97E0A-7D37-4A9B-BA4E-8AEFACBAAC22} = {1FFD1F5D-9144-4B5C-B8F3-68A91262ADD5}
		{C49C8AEE-9131-4DE3-94B0-80AF1C6DD4F2} = {1FFD1F5D-9144-4B5C-B8F3-68A91262ADD5}
		{05C2168E-E451-4F94-85B0-27CE6B631808} = {1FFD1F5D-9144-4B5C-B8F3-68A91262ADD5}
		{8CCF4E4A-C36C-4935-978E-3965FD57B9F4} = {1FFD1F5D-9144-4B5C-B8F3-68A91262ADD5}
		{4CCAD2D3-57FE-47F6-9F86-BA3418B4F51A} = {A710A8F4-5359-40B2-B98C-DAACD37434D4}
		{6809F3F3-A6FD-4247-969C-7C05E05D567B} = {A710A8F4-5359-40B2-B98C-DAACD37434D4}
		{927B3888-4A4E-4627-92AD-E153FAA459F5} = {B452FE8F-FBB6-4623-A48A-2D14BDBDC879}
		{E077DFD9-4DE2-479F-9B12-A3F6F32CA1F5} = {B452FE8F-FBB6-4623-A48A-2D14BDBDC879}
		{3A643690-3827-4F49-B52F-C39EC91AFCA7} = {0E8DAA09-B646-4B68-A094-118089EA00A0}
		{8F0B3201-C9C1-4D96-A122-F7DF76AF03C0} = {42554D9B-B3E8-44C6-95AE-E2C24E1357AF}
	EndGlobalSection
	GlobalSection(ExtensibilityGlobals) = postSolution
		SolutionGuid = {6ABFA694-6E61-4D60-8D9F-4E5A1026536E}
	EndGlobalSection
EndGlobal
