<Solution>
  <Configurations>
    <Platform Name="Any CPU" />
    <Platform Name="x64" />
    <Platform Name="x86" />
  </Configurations>
  <Folder Name="/Build/" />
  <Folder Name="/Infrastructures/">
    <Project Path="Infrastructures/Crystal.Infrastructure.Constants/Crystal.Infrastructure.Constants.csproj" />
    <Project Path="Infrastructures/Crystal.Infrastructure.Converters/Crystal.Infrastructure.Converters.csproj" />
    <Project Path="Infrastructures/Crystal.Infrastructure.DataStructures/Crystal.Infrastructure.DataStructures.csproj" />
  </Folder>
  <Folder Name="/Modules/">
    <Project Path="Modules/Crystal.BiosModule/Crystal.BiosModule.csproj" Id="c1b31da1-27c9-4607-a2fc-582db4f16c78" />
    <Project Path="Modules/Crystal.CpuModule/Crystal.CpuModule.csproj" Id="938f4d05-b902-4a27-bc70-f673f23a15a4" />
    <Project Path="Modules/Crystal.GpuModule/Crystal.GpuModule.csproj" />
    <Project Path="Modules/Crystal.MemoryModule/Crystal.MemoryModule.csproj" />
    <Project Path="Modules/Crystal.StorageModule/Crystal.StorageModule.csproj" />
    <Project Path="Modules/Crystal.NetworkModule/Crystal.NetworkModule.csproj" />
    <Project Path="Modules/Crystal.ProcessModule/Crystal.ProcessModule.csproj" />
    <Project Path="Modules/Crystal.OSModule/Crystal.OSModule.csproj" />
  </Folder>
  <Folder Name="/Providers/">
    <Project Path="Providers/Crystal.Provider.CpuId/Crystal.Provider.CpuId.csproj" />
    <Project Path="Providers/Crystal.Provider.Etw/Crystal.Provider.Etw.csproj" />
    <Project Path="Providers/Crystal.Provider.Mmi/Crystal.Provider.Mmi.csproj" />
    <Project Path="Providers/Crystal.Provider.PInvokes/Crystal.Provider.PInvokes.vcxproj" Id="33754478-e016-4dbb-9eab-656ee14abb50" />
    <Project Path="Providers/Crystal.Provider.Smbios/Crystal.Provider.Smbios.csproj" />
    <Project Path="Providers/Crystal.Provider.Telemetry/Crystal.Provider.Telemetry.csproj">
      <Platform Solution="*|Any CPU" Project="x64" />
      <Platform Solution="*|x64" Project="x64" />
      <Platform Solution="*|x86" Project="x86" />
    </Project>
  </Folder>
  <Folder Name="/Services/">
    <Project Path="Services/Crystal.Service.Bios/Crystal.Service.Bios.csproj" />
    <Project Path="Services/Crystal.Service.Cpu/Crystal.Service.Cpu.csproj" />
    <Project Path="Services/Crystal.Service.Gpu/Crystal.Service.Gpu.csproj" />
    <Project Path="Services/Crystal.Service.Memory/Crystal.Service.Memory.csproj" />
    <Project Path="Services/Crystal.Service.Network/Crystal.Service.Network.csproj" />
    <Project Path="Services/Crystal.Service.Storage/Crystal.Service.Storage.csproj" />
    <Project Path="Services/Crystal.Service.Process/Crystal.Service.Process.csproj" />
    <Project Path="Services/Crystal.Service.Sensors/Crystal.Service.Sensors.csproj" />
  </Folder>
  <Folder Name="/Shell/">
    <Project Path="Shell/Crystal.Shell/Crystal.Shell.csproj" Id="34c04727-c18d-49e7-bdb5-9bb18e95078b" />
  </Folder>
  <Folder Name="/SmokeTests/">
    <Project Path="SmokeTests/Crystal.Controls.Demo/Crystal.Controls.Demo.csproj" />
    <Project Path="SmokeTests/Crystal.Provider.Mmi.Cli/Crystal.Provider.Mmi.Cli.csproj" />
    <Project Path="SmokeTests/Crystal.Provider.Smbios.Cli/Crystal.Provider.Smbios.Cli.csproj" />
    <Project Path="SmokeTests/Crystal.Service.Cpu.Cli/Crystal.Service.Cpu.Cli.csproj" />
  </Folder>
  <Folder Name="/Solution Items/">
    <File Path="Directory.Build.props" />
    <File Path="nuget.config" />
  </Folder>
  <Folder Name="/TryIt/">
    <Project Path="TryIt/TryIt01_PInvoke/TryIt01_PInvoke.csproj" Id="f4f46e8b-a092-464c-a99d-c8374c69fe1b" />
  </Folder>
  <Folder Name="/UI/">
    <Project Path="UI/Crystal.Resources/Crystal.Resources.csproj" />
    <Project Path="UI/Crystal.Controls/Crystal.Controls.csproj" />
    <Project Path="UI/Crystal.WpfConverters/Crystal.WpfConverters.csproj" />
  </Folder>
  <Folder Name="/UnitTests/">
    <Project Path="UnitTests/Crystal.Controls.Tests/Crystal.Controls.Tests.csproj" />
    <Project Path="UnitTests/Crystal.Resources.Tests/Crystal.Resources.Tests.csproj" />
    <Project Path="UnitTests/Crystal.Provider.Mmi.Tests/Crystal.Provider.Mmi.Tests.csproj" />
    <Project Path="UnitTests/Crystal.Provider.Smbios.Tests/Crystal.Provider.Smbios.Tests.csproj" />
    <Project Path="UnitTests/Crystal.Provider.Etw.Tests/Crystal.Provider.Etw.Tests.csproj">
      <Platform Solution="*|Any CPU" Project="x64" />
      <Platform Solution="*|x64" Project="x64" />
      <Platform Solution="*|x86" Project="x86" />
    </Project>
    <Project Path="UnitTests/Crystal.Service.Sensors.Tests/Crystal.Service.Sensors.Tests.csproj">
      <Platform Solution="*|Any CPU" Project="x64" />
      <Platform Solution="*|x64" Project="x64" />
      <Platform Solution="*|x86" Project="x86" />
    </Project>
    <Project Path="UnitTests/Crystal.Provider.Telemetry.Tests/Crystal.Provider.Telemetry.Tests.csproj">
      <Platform Solution="*|Any CPU" Project="x64" />
      <Platform Solution="*|x64" Project="x64" />
      <Platform Solution="*|x86" Project="x86" />
    </Project>
    <Project Path="UnitTests/Crystal.Infrastructure.Converters.Tests/Crystal.Infrastructure.Converters.Tests.csproj" />
    <Project Path="UnitTests/Crystal.WpfConverters.Tests/Crystal.WpfConverters.Tests.csproj" />
    <Project Path="UnitTests/Crystal.Infrastructure.DataStructures.Tests/Crystal.Infrastructure.DataStructures.Tests.csproj">
      <Platform Solution="*|Any CPU" Project="x64" />
      <Platform Solution="*|x64" Project="x64" />
      <Platform Solution="*|x86" Project="x86" />
    </Project>
    <Project Path="UnitTests/Crystal.Service.Cpu.Tests/Crystal.Service.Cpu.Tests.csproj">
      <Platform Solution="*|Any CPU" Project="x64" />
      <Platform Solution="*|x64" Project="x64" />
      <Platform Solution="*|x86" Project="x86" />
    </Project>
    <Project Path="UnitTests/Crystal.Service.Bios.Tests/Crystal.Service.Bios.Tests.csproj">
      <Platform Solution="*|Any CPU" Project="x64" />
      <Platform Solution="*|x64" Project="x64" />
      <Platform Solution="*|x86" Project="x86" />
    </Project>
    <Project Path="UnitTests/Crystal.Provider.CpuId.Tests/Crystal.Provider.CpuId.Tests.csproj">
      <Platform Solution="*|Any CPU" Project="x64" />
      <Platform Solution="*|x64" Project="x64" />
      <Platform Solution="*|x86" Project="x86" />
    </Project>
    <Project Path="UnitTests/Crystal.Architecture.Tests/Crystal.Architecture.Tests.csproj">
      <Platform Solution="*|Any CPU" Project="x64" />
      <Platform Solution="*|x64" Project="x64" />
      <Platform Solution="*|x86" Project="x86" />
    </Project>
    <Project Path="UnitTests/Crystal.NetworkModule.Tests/Crystal.NetworkModule.Tests.csproj">
      <Platform Solution="*|Any CPU" Project="x64" />
      <Platform Solution="*|x64" Project="x64" />
      <Platform Solution="*|x86" Project="x86" />
    </Project>
    <Project Path="UnitTests/Crystal.BiosModule.Tests/Crystal.BiosModule.Tests.csproj">
      <Platform Solution="*|Any CPU" Project="x64" />
      <Platform Solution="*|x64" Project="x64" />
      <Platform Solution="*|x86" Project="x86" />
    </Project>
    <Project Path="UnitTests/Crystal.ProcessModule.Tests/Crystal.ProcessModule.Tests.csproj">
      <Platform Solution="*|Any CPU" Project="x64" />
      <Platform Solution="*|x64" Project="x64" />
      <Platform Solution="*|x86" Project="x86" />
    </Project>
    <Project Path="UnitTests/Crystal.MemoryModule.Tests/Crystal.MemoryModule.Tests.csproj">
      <Platform Solution="*|Any CPU" Project="x64" />
      <Platform Solution="*|x64" Project="x64" />
      <Platform Solution="*|x86" Project="x86" />
    </Project>
    <Project Path="UnitTests/Crystal.StorageModule.Tests/Crystal.StorageModule.Tests.csproj">
      <Platform Solution="*|Any CPU" Project="x64" />
      <Platform Solution="*|x64" Project="x64" />
      <Platform Solution="*|x86" Project="x86" />
    </Project>
    <Project Path="UnitTests/Crystal.OSModule.Tests/Crystal.OSModule.Tests.csproj">
      <Platform Solution="*|Any CPU" Project="x64" />
      <Platform Solution="*|x64" Project="x64" />
      <Platform Solution="*|x86" Project="x86" />
    </Project>
    <Project Path="UnitTests/Crystal.GpuModule.Tests/Crystal.GpuModule.Tests.csproj">
      <Platform Solution="*|Any CPU" Project="x64" />
      <Platform Solution="*|x64" Project="x64" />
      <Platform Solution="*|x86" Project="x86" />
    </Project>
    <Project Path="UnitTests/Crystal.CpuModule.Tests/Crystal.CpuModule.Tests.csproj">
      <Platform Solution="*|Any CPU" Project="x64" />
      <Platform Solution="*|x64" Project="x64" />
      <Platform Solution="*|x86" Project="x86" />
    </Project>
    <Project Path="UnitTests/Crystal.Service.Storage.Tests/Crystal.Service.Storage.Tests.csproj">
      <Platform Solution="*|Any CPU" Project="x64" />
      <Platform Solution="*|x64" Project="x64" />
      <Platform Solution="*|x86" Project="x86" />
    </Project>
    <Project Path="UnitTests/Crystal.Service.Memory.Tests/Crystal.Service.Memory.Tests.csproj">
      <Platform Solution="*|Any CPU" Project="x64" />
      <Platform Solution="*|x64" Project="x64" />
      <Platform Solution="*|x86" Project="x86" />
    </Project>
    <Project Path="UnitTests/Crystal.Service.Process.Tests/Crystal.Service.Process.Tests.csproj">
      <Platform Solution="*|Any CPU" Project="x64" />
      <Platform Solution="*|x64" Project="x64" />
      <Platform Solution="*|x86" Project="x86" />
    </Project>
    <Project Path="UnitTests/Crystal.Service.Gpu.Tests/Crystal.Service.Gpu.Tests.csproj">
      <Platform Solution="*|Any CPU" Project="x64" />
      <Platform Solution="*|x64" Project="x64" />
      <Platform Solution="*|x86" Project="x86" />
    </Project>
    <Project Path="UnitTests/Crystal.Service.Network.Tests/Crystal.Service.Network.Tests.csproj">
      <Platform Solution="*|Any CPU" Project="x64" />
      <Platform Solution="*|x64" Project="x64" />
      <Platform Solution="*|x86" Project="x86" />
    </Project>
  </Folder>
</Solution>
