
Microsoft Visual Studio Solution File, Format Version 12.00
# Visual Studio Version 16
VisualStudioVersion = 16.0.31729.503
MinimumVisualStudioVersion = 10.0.40219.1
Project("{9A19103F-16F7-4668-BE54-9A1E7A4F7556}") = "ModuleA", "ModuleA\ModuleA.csproj", "{E72BE0C3-85B5-4C40-88B7-24AAF9468F8E}"
EndProject
Project("{9A19103F-16F7-4668-BE54-9A1E7A4F7556}") = "Modules", "Modules\Modules.csproj", "{006C90C1-CCCE-42D1-966B-B926A95C16C8}"
EndProject
Global
	GlobalSection(SolutionConfigurationPlatforms) = preSolution
		Debug|Any CPU = Debug|Any CPU
		Release|Any CPU = Release|Any CPU
	EndGlobalSection
	GlobalSection(ProjectConfigurationPlatforms) = postSolution
		{E72BE0C3-85B5-4C40-88B7-24AAF9468F8E}.Debug|Any CPU.ActiveCfg = Debug|Any CPU
		{E72BE0C3-85B5-4C40-88B7-24AAF9468F8E}.Debug|Any CPU.Build.0 = Debug|Any CPU
		{E72BE0C3-85B5-4C40-88B7-24AAF9468F8E}.Release|Any CPU.ActiveCfg = Release|Any CPU
		{E72BE0C3-85B5-4C40-88B7-24AAF9468F8E}.Release|Any CPU.Build.0 = Release|Any CPU
		{006C90C1-CCCE-42D1-966B-B926A95C16C8}.Debug|Any CPU.ActiveCfg = Debug|Any CPU
		{006C90C1-CCCE-42D1-966B-B926A95C16C8}.Debug|Any CPU.Build.0 = Debug|Any CPU
		{006C90C1-CCCE-42D1-966B-B926A95C16C8}.Release|Any CPU.ActiveCfg = Release|Any CPU
		{006C90C1-CCCE-42D1-966B-B926A95C16C8}.Release|Any CPU.Build.0 = Release|Any CPU
	EndGlobalSection
	GlobalSection(SolutionProperties) = preSolution
		HideSolutionNode = FALSE
	EndGlobalSection
	GlobalSection(ExtensibilityGlobals) = postSolution
		SolutionGuid = {22B9D911-898D-421A-BDAD-C2915185D65B}
	EndGlobalSection
EndGlobal
