
Microsoft Visual Studio Solution File, Format Version 12.00
# Visual Studio Version 17
VisualStudioVersion = 17.0.31903.59
MinimumVisualStudioVersion = 10.0.40219.1
Project("{9A19103F-16F7-4668-BE54-9A1E7A4F7556}") = "RegionNavigation", "RegionNavigation\RegionNavigation.csproj", "{2FA4A389-0C82-4B06-8B84-776126B8BCE1}"
EndProject
Project("{FAE04EC0-301F-11D3-BF4B-00C04F79EFBC}") = "ModuleA", "ModuleA\ModuleA.csproj", "{03F2E30F-D8D0-4ECE-BD91-60722FF4B916}"
EndProject
Global
	GlobalSection(SolutionConfigurationPlatforms) = preSolution
		Debug|Any CPU = Debug|Any CPU
		Release|Any CPU = Release|Any CPU
	EndGlobalSection
	GlobalSection(ProjectConfigurationPlatforms) = postSolution
		{2FA4A389-0C82-4B06-8B84-776126B8BCE1}.Debug|Any CPU.ActiveCfg = Debug|Any CPU
		{2FA4A389-0C82-4B06-8B84-776126B8BCE1}.Debug|Any CPU.Build.0 = Debug|Any CPU
		{2FA4A389-0C82-4B06-8B84-776126B8BCE1}.Release|Any CPU.ActiveCfg = Release|Any CPU
		{2FA4A389-0C82-4B06-8B84-776126B8BCE1}.Release|Any CPU.Build.0 = Release|Any CPU
		{03F2E30F-D8D0-4ECE-BD91-60722FF4B916}.Debug|Any CPU.ActiveCfg = Debug|Any CPU
		{03F2E30F-D8D0-4ECE-BD91-60722FF4B916}.Debug|Any CPU.Build.0 = Debug|Any CPU
		{03F2E30F-D8D0-4ECE-BD91-60722FF4B916}.Release|Any CPU.ActiveCfg = Release|Any CPU
		{03F2E30F-D8D0-4ECE-BD91-60722FF4B916}.Release|Any CPU.Build.0 = Release|Any CPU
	EndGlobalSection
	GlobalSection(SolutionProperties) = preSolution
		HideSolutionNode = FALSE
	EndGlobalSection
	GlobalSection(ExtensibilityGlobals) = postSolution
		SolutionGuid = {5FE9FFAA-9568-4040-8415-1AD3D28D7D5D}
	EndGlobalSection
EndGlobal
