
Microsoft Visual Studio Solution File, Format Version 12.00
# Visual Studio Version 16
VisualStudioVersion = 16.0.31729.503
MinimumVisualStudioVersion = 10.0.40219.1
Project("{FAE04EC0-301F-11D3-BF4B-00C04F79EFBC}") = "LoadModuleManually", "LoadModuleManually\LoadModuleManually.csproj", "{B581F24B-E0DC-48BD-9B10-FB2149574A1F}"
EndProject
Project("{FAE04EC0-301F-11D3-BF4B-00C04F79EFBC}") = "ModuleA", "ModuleA\ModuleA.csproj", "{AE289758-1CC5-4B41-86DA-6802A7A8C8AB}"
EndProject
Project("{FAE04EC0-301F-11D3-BF4B-00C04F79EFBC}") = "Shared", "Shared\Shared.csproj", "{10859F15-E8CD-4BAF-AEE3-34C7C921F0B0}"
EndProject
Global
	GlobalSection(SolutionConfigurationPlatforms) = preSolution
		Debug|Any CPU = Debug|Any CPU
		Release|Any CPU = Release|Any CPU
	EndGlobalSection
	GlobalSection(ProjectConfigurationPlatforms) = postSolution
		{B581F24B-E0DC-48BD-9B10-FB2149574A1F}.Debug|Any CPU.ActiveCfg = Debug|Any CPU
		{B581F24B-E0DC-48BD-9B10-FB2149574A1F}.Debug|Any CPU.Build.0 = Debug|Any CPU
		{B581F24B-E0DC-48BD-9B10-FB2149574A1F}.Release|Any CPU.ActiveCfg = Release|Any CPU
		{B581F24B-E0DC-48BD-9B10-FB2149574A1F}.Release|Any CPU.Build.0 = Release|Any CPU
		{AE289758-1CC5-4B41-86DA-6802A7A8C8AB}.Debug|Any CPU.ActiveCfg = Debug|Any CPU
		{AE289758-1CC5-4B41-86DA-6802A7A8C8AB}.Debug|Any CPU.Build.0 = Debug|Any CPU
		{AE289758-1CC5-4B41-86DA-6802A7A8C8AB}.Release|Any CPU.ActiveCfg = Release|Any CPU
		{AE289758-1CC5-4B41-86DA-6802A7A8C8AB}.Release|Any CPU.Build.0 = Release|Any CPU
		{10859F15-E8CD-4BAF-AEE3-34C7C921F0B0}.Debug|Any CPU.ActiveCfg = Debug|Any CPU
		{10859F15-E8CD-4BAF-AEE3-34C7C921F0B0}.Debug|Any CPU.Build.0 = Debug|Any CPU
		{10859F15-E8CD-4BAF-AEE3-34C7C921F0B0}.Release|Any CPU.ActiveCfg = Release|Any CPU
		{10859F15-E8CD-4BAF-AEE3-34C7C921F0B0}.Release|Any CPU.Build.0 = Release|Any CPU
	EndGlobalSection
	GlobalSection(SolutionProperties) = preSolution
		HideSolutionNode = FALSE
	EndGlobalSection
	GlobalSection(ExtensibilityGlobals) = postSolution
		SolutionGuid = {2886A3A0-2DB8-4DA2-B6E5-F3FC45BFD671}
	EndGlobalSection
EndGlobal
